// !$*UTF8*$!
{
	archiveVersion = 1;
	classes = {
	};
	objectVersion = 77;
	objects = {

/* Begin PBXBuildFile section */
		005C4A5EA6ABE13EB68B61F3 /* BrowserView.swift in Sources */ = {isa = PBXBuildFile; fileRef = D7C2A984C5FCD34A310B3011 /* BrowserView.swift */; };
		01A2E0CF88FF0A51767FD9AA /* ScreenIntegrationChecks.swift in Sources */ = {isa = PBXBuildFile; fileRef = 5D62E4109A64D19EB1B58385 /* ScreenIntegrationChecks.swift */; };
		02780E154847F75071A7AB79 /* TerminalViewHost.swift in Sources */ = {isa = PBXBuildFile; fileRef = E659A052178F6AD11B43C616 /* TerminalViewHost.swift */; };
		035C4940012769EC49822FEA /* AgentHistoryPanel.swift in Sources */ = {isa = PBXBuildFile; fileRef = 7886B21F86C3AB4079FA54F6 /* AgentHistoryPanel.swift */; };
		038B03A1B09C8A40612ACC0C /* SwiftTerm in Frameworks */ = {isa = PBXBuildFile; productRef = 797792777CAD6CD2D456EBF8 /* SwiftTerm */; };
		085F059008DBF1CE015F2E34 /* ScreenIntegrationChecks.swift in Sources */ = {isa = PBXBuildFile; fileRef = 5D62E4109A64D19EB1B58385 /* ScreenIntegrationChecks.swift */; };
		0CE31258B7CFFC343C872124 /* EchoTerminalTests.swift in Sources */ = {isa = PBXBuildFile; fileRef = 2C353EAB1B7F7FBE0784989C /* EchoTerminalTests.swift */; };
		0E711C041E0E67C8F8E62F44 /* InputToolsSettingsView.swift in Sources */ = {isa = PBXBuildFile; fileRef = 661CBE9EFE11FEC7219B9482 /* InputToolsSettingsView.swift */; };
		109F8BFCD513C3877A0507F4 /* TerminalPanelView.swift in Sources */ = {isa = PBXBuildFile; fileRef = F66F17CB3B944EC19BBDF244 /* TerminalPanelView.swift */; };
		1366500BCC20A8802882CBC4 /* EditorFileMenu.swift in Sources */ = {isa = PBXBuildFile; fileRef = 3108F71F95FFCA2BBECE3761 /* EditorFileMenu.swift */; };
		14635E6904C97EB5FB0C9841 /* CrowRootView.swift in Sources */ = {isa = PBXBuildFile; fileRef = 9D32992D5A11A39787F52729 /* CrowRootView.swift */; };
		167B5EB84C67FE7E6C59CE40 /* SystemSFTP.swift in Sources */ = {isa = PBXBuildFile; fileRef = BFB7AF7430341FE5EEFCF14F /* SystemSFTP.swift */; };
		196C0A25F4BD2847C008BE97 /* TerminalViewHost.swift in Sources */ = {isa = PBXBuildFile; fileRef = E659A052178F6AD11B43C616 /* TerminalViewHost.swift */; };
		1B2340F02DCCA944C5F62B8D /* ReverseSSH.swift in Sources */ = {isa = PBXBuildFile; fileRef = BB0DC14E5D6A0759676BB451 /* ReverseSSH.swift */; };
		1B89C53715053B55D308A3D3 /* AgentHistoryPanel.swift in Sources */ = {isa = PBXBuildFile; fileRef = 7886B21F86C3AB4079FA54F6 /* AgentHistoryPanel.swift */; };
		1D2E539BA28FF9D597714613 /* CrowmapView.swift in Sources */ = {isa = PBXBuildFile; fileRef = 235F52DE5541A1DBA3854B62 /* CrowmapView.swift */; };
		1D5932ED3F5E9AB081FF926B /* Sparkle in Frameworks */ = {isa = PBXBuildFile; productRef = 8A57E5BB59B15020241DAD01 /* Sparkle */; };
		20EAFA63B01442167A107F48 /* ImagePreview.swift in Sources */ = {isa = PBXBuildFile; fileRef = 8765347E3B072862DFF0E768 /* ImagePreview.swift */; };
		214C7FFF4651BB515962EAB7 /* EditorFileMenu.swift in Sources */ = {isa = PBXBuildFile; fileRef = 3108F71F95FFCA2BBECE3761 /* EditorFileMenu.swift */; };
		21CB62A1484350F492EB83EA /* DeviceStatusView.swift in Sources */ = {isa = PBXBuildFile; fileRef = B644FAC9637B15DC228AEB25 /* DeviceStatusView.swift */; };
		229AD114289C014C78DDE79A /* TerminalIntegrationTests.swift in Sources */ = {isa = PBXBuildFile; fileRef = D3349169196FAD9BE6A89FEB /* TerminalIntegrationTests.swift */; };
		251736CAE0895DBD88EB656A /* crowmap.css in Resources */ = {isa = PBXBuildFile; fileRef = BA76ED56F7B4581D260A74A3 /* crowmap.css */; };
		253F8C86D5287A39C215DF77 /* SSHKeyStore.swift in Sources */ = {isa = PBXBuildFile; fileRef = 624990E2268E1F485C34E974 /* SSHKeyStore.swift */; };
		26DEBD1E5C7E77BFC230B351 /* AgentProviderIcon.swift in Sources */ = {isa = PBXBuildFile; fileRef = 4095AA7991A062BD3C25C772 /* AgentProviderIcon.swift */; };
		26FEA4DA9372CD1E0D934BE4 /* HostEditorView.swift in Sources */ = {isa = PBXBuildFile; fileRef = 3AB3C28673F053D82E7D7F7D /* HostEditorView.swift */; };
		271182EE8B959D21CC270333 /* SSHCommandView.swift in Sources */ = {isa = PBXBuildFile; fileRef = A093E56E71878F7439A35214 /* SSHCommandView.swift */; };
		281688703B0CD69F2388B850 /* ExternalFileRefreshTests.swift in Sources */ = {isa = PBXBuildFile; fileRef = 6A3FFAB2E0A71622EA1EEA37 /* ExternalFileRefreshTests.swift */; };
		28188B13FCBC79FF3E89192C /* noVNC-BSD-3-Clause.txt in Resources */ = {isa = PBXBuildFile; fileRef = 99A0D14EB92B5053E7DCB3F7 /* noVNC-BSD-3-Clause.txt */; };
		2AB4FD069ED3F003092DA0D9 /* markdown-editor.js in Resources */ = {isa = PBXBuildFile; fileRef = 7FACD1BCE145D0783FF32A74 /* markdown-editor.js */; };
		2C65D5FA8F68B3A1C10435D2 /* EchoTerminalFixture.swift in Sources */ = {isa = PBXBuildFile; fileRef = 624F64C25FAB07DDF7AEAF65 /* EchoTerminalFixture.swift */; };
		2D1746D6365899CA104A2172 /* TerminalPanelView.swift in Sources */ = {isa = PBXBuildFile; fileRef = F66F17CB3B944EC19BBDF244 /* TerminalPanelView.swift */; };
		2FCDA10DE014886E70A766CA /* TmuxPanel.swift in Sources */ = {isa = PBXBuildFile; fileRef = 8CDC97BFAAD71B9C38097178 /* TmuxPanel.swift */; };
		315E43CF31430E0E18AA565C /* CrowApp.swift in Sources */ = {isa = PBXBuildFile; fileRef = 9FDEC33B0A4B5FCB5FE135A0 /* CrowApp.swift */; };
		31C17969C3E60F58894C240E /* noVNC-BSD-2-Clause.txt in Resources */ = {isa = PBXBuildFile; fileRef = 9959DE8F729C51EF2EE34523 /* noVNC-BSD-2-Clause.txt */; };
		360C0A7D789693230AC287A7 /* EditorIntegrationTests.swift in Sources */ = {isa = PBXBuildFile; fileRef = 9E547330B27D26BCBEF4B0E6 /* EditorIntegrationTests.swift */; };
		39A77266349A693C436CBD2C /* noVNC-pako-LICENSE.txt in Resources */ = {isa = PBXBuildFile; fileRef = 3D8C5ED657682901320A3B6E /* noVNC-pako-LICENSE.txt */; };
		39D5CE55A8FE55EACAE26719 /* WorkspaceWindowTests.swift in Sources */ = {isa = PBXBuildFile; fileRef = DDE6FDEB1FF14A405E225AEF /* WorkspaceWindowTests.swift */; };
		39F5CBE7547B34B6416D0A08 /* GitRepository.swift in Sources */ = {isa = PBXBuildFile; fileRef = 61B3B2623FE25570F04A96B0 /* GitRepository.swift */; };
		3B3F0CA67ACF511A2FC961B0 /* EditorAreaView.swift in Sources */ = {isa = PBXBuildFile; fileRef = 9A02A695DAF9491F2C3677E5 /* EditorAreaView.swift */; };
		3BD61F6E38C75029D729A6EA /* SystemSSH.swift in Sources */ = {isa = PBXBuildFile; fileRef = A64421F4C0BC85E5DEB52ECF /* SystemSSH.swift */; };
		3C08065A399639988D3DEA6A /* AutomationTests.swift in Sources */ = {isa = PBXBuildFile; fileRef = 4F5CE459FBFDAD4C623FBFA2 /* AutomationTests.swift */; };
		3D4B5D15A155CE41F50F70D4 /* AgentWorkspaceBrowser.swift in Sources */ = {isa = PBXBuildFile; fileRef = 74DD85957B8C689F91EB98BE /* AgentWorkspaceBrowser.swift */; };
		3E6B60C39B3E7E3592E51621 /* noVNC-MPL-2.0.txt in Resources */ = {isa = PBXBuildFile; fileRef = EABE90007D32A5AB08E781B6 /* noVNC-MPL-2.0.txt */; };
		3EF728DCA53EA4F4D92FD8FD /* AutomationService.swift in Sources */ = {isa = PBXBuildFile; fileRef = FE00389FB5F03EB13AAE7F27 /* AutomationService.swift */; };
		413E3FB2561DD880045FB1EB /* crowmap.js in Resources */ = {isa = PBXBuildFile; fileRef = 5482C69CE1B579F4D9DCD13E /* crowmap.js */; };
		41E995C3B787990D2A82FE12 /* AutomationPanel.swift in Sources */ = {isa = PBXBuildFile; fileRef = 8273CFA83F96C58BCB28B1DB /* AutomationPanel.swift */; };
		431248865C8AACDEC12ADDF7 /* SSHKeyStore.swift in Sources */ = {isa = PBXBuildFile; fileRef = 624990E2268E1F485C34E974 /* SSHKeyStore.swift */; };
		431A6D4C0D162573EEA7D7C8 /* SSHKeyStoreTests.swift in Sources */ = {isa = PBXBuildFile; fileRef = A3F192DCE11FE3F8039758CB /* SSHKeyStoreTests.swift */; };
		4599E366C3CADC1BC26025D3 /* CrowRootView.swift in Sources */ = {isa = PBXBuildFile; fileRef = 9D32992D5A11A39787F52729 /* CrowRootView.swift */; };
		46C70629915E63C37E453214 /* AgentTerminalModel.swift in Sources */ = {isa = PBXBuildFile; fileRef = BE73E4E5D9EA65052AC9AB3A /* AgentTerminalModel.swift */; };
		48B4929D869B9665BE21A67B /* RemoteConnection.swift in Sources */ = {isa = PBXBuildFile; fileRef = 3281820F331A8C3742CC86D3 /* RemoteConnection.swift */; };
		48EF039C2F38D4BE74C798F0 /* GitRepository.swift in Sources */ = {isa = PBXBuildFile; fileRef = 61B3B2623FE25570F04A96B0 /* GitRepository.swift */; };
		49630C707BCE221ECA00E8CA /* InspectorPanel.swift in Sources */ = {isa = PBXBuildFile; fileRef = 18B58CEDCD01E6C219105813 /* InspectorPanel.swift */; };
		49B00569CD011820DEE94DB0 /* screen-client.js in Resources */ = {isa = PBXBuildFile; fileRef = 3034D3C221FEB585F2E1C669 /* screen-client.js */; };
		4DAC07AC3C62A8A337CCBC46 /* GitSettingsView.swift in Sources */ = {isa = PBXBuildFile; fileRef = 0CE727E5075C5BE8A3631D8B /* GitSettingsView.swift */; };
		4E6547A99A9E9B5774243757 /* obsidian-preview.js in Resources */ = {isa = PBXBuildFile; fileRef = 2C4EBF407F4D98D53A926C34 /* obsidian-preview.js */; };
		4F56D12704FF0ADFD1D74FEF /* CrowmapView.swift in Sources */ = {isa = PBXBuildFile; fileRef = 235F52DE5541A1DBA3854B62 /* CrowmapView.swift */; };
		5021315983A367254FC391AF /* RemoteScreenSession.swift in Sources */ = {isa = PBXBuildFile; fileRef = A53A8A766C91093D5BB4978A /* RemoteScreenSession.swift */; };
		5213FCEAC768AC7DED943F60 /* noVNC-BSD-2-Clause.txt in Resources */ = {isa = PBXBuildFile; fileRef = 9959DE8F729C51EF2EE34523 /* noVNC-BSD-2-Clause.txt */; };
		52F0C7DCC3DE13464614DBBC /* WindowDragRegion.swift in Sources */ = {isa = PBXBuildFile; fileRef = 2C603D2C1525D197887432FC /* WindowDragRegion.swift */; };
		53C028605600716885587243 /* screen.html in Resources */ = {isa = PBXBuildFile; fileRef = 1D6FE2066F26515996C3DF34 /* screen.html */; };
		540B69A29E2D94AB79B402E7 /* BrowserView.swift in Sources */ = {isa = PBXBuildFile; fileRef = D7C2A984C5FCD34A310B3011 /* BrowserView.swift */; };
		56C9EF6529867550580752FD /* GitAccountStore.swift in Sources */ = {isa = PBXBuildFile; fileRef = 0CB18812BFBA98E38C3717DF /* GitAccountStore.swift */; };
		5874B115554064B2200ADF03 /* FloatingWorkspaceView.swift in Sources */ = {isa = PBXBuildFile; fileRef = 339F8BF0F81F188A4D8C5EB2 /* FloatingWorkspaceView.swift */; };
		5AA6D7BDDE9D72113F9CC2EE /* BrowserTests.swift in Sources */ = {isa = PBXBuildFile; fileRef = 96FFA31B7AB3701EC1A420FC /* BrowserTests.swift */; };
		5BDCD19C97620FB6671759C7 /* SSHKeyStoreTests.swift in Sources */ = {isa = PBXBuildFile; fileRef = A3F192DCE11FE3F8039758CB /* SSHKeyStoreTests.swift */; };
		5BF82CF74F73CF09F2B2A893 /* TerminalIntegrationTests.swift in Sources */ = {isa = PBXBuildFile; fileRef = D3349169196FAD9BE6A89FEB /* TerminalIntegrationTests.swift */; };
		5D05C9351EFEC84D4474B76C /* NIOSSH in Frameworks */ = {isa = PBXBuildFile; productRef = 2331ED7E57A5F620E85D38D1 /* NIOSSH */; };
		5DFA447ACDEE32322ED5D776 /* noVNC-AUTHORS.txt in Resources */ = {isa = PBXBuildFile; fileRef = AAACAB37C24CCD7B65615743 /* noVNC-AUTHORS.txt */; };
		617341FDBFB864D6BD32ADB8 /* BrowserTests.swift in Sources */ = {isa = PBXBuildFile; fileRef = 96FFA31B7AB3701EC1A420FC /* BrowserTests.swift */; };
		625238F79BADC8151633A02F /* MarkdownEditor-LICENSES.txt in Resources */ = {isa = PBXBuildFile; fileRef = 172101D319062647B9B2DCA5 /* MarkdownEditor-LICENSES.txt */; };
		62CCACF3AEC8D62E0950CD92 /* NativeEditor.swift in Sources */ = {isa = PBXBuildFile; fileRef = C6FCB86B2C0FDA5493B944CF /* NativeEditor.swift */; };
		62D7B43D9414FAF15CAE2878 /* noVNC-BSD-3-Clause.txt in Resources */ = {isa = PBXBuildFile; fileRef = 99A0D14EB92B5053E7DCB3F7 /* noVNC-BSD-3-Clause.txt */; };
		6501092CFE725248971932C3 /* SSHIntegrationTests.swift in Sources */ = {isa = PBXBuildFile; fileRef = 04D920867B0F3E4BCBEE1487 /* SSHIntegrationTests.swift */; };
		67E2475B239B9403EBB7E291 /* EchoTerminalFixture.swift in Sources */ = {isa = PBXBuildFile; fileRef = 624F64C25FAB07DDF7AEAF65 /* EchoTerminalFixture.swift */; };
		6AEE338C0C08B197480FE40C /* SwiftTerm in Frameworks */ = {isa = PBXBuildFile; productRef = E3E72F32FB75DFF106C081F5 /* SwiftTerm */; };
		6BADDC8806FAEC9075167622 /* GitAccountTests.swift in Sources */ = {isa = PBXBuildFile; fileRef = 907A6D50427DA2785D5BD7D0 /* GitAccountTests.swift */; };
		6C4ED3E62627C2BD483550B7 /* WorkspaceState.swift in Sources */ = {isa = PBXBuildFile; fileRef = 8EA566B3B7FC5A1045FB65CD /* WorkspaceState.swift */; };
		6D3AB6ED854E7E279D03D831 /* CrowTheme.swift in Sources */ = {isa = PBXBuildFile; fileRef = DC6FE655559409CAEE08CABB /* CrowTheme.swift */; };
		6EC2ED1BA987EFD6E0C6B6F7 /* screen.html in Resources */ = {isa = PBXBuildFile; fileRef = 1D6FE2066F26515996C3DF34 /* screen.html */; };
		73792AA19BC833FF088AE79D /* ActivityBar.swift in Sources */ = {isa = PBXBuildFile; fileRef = 75FF130C71180BF8D69923FE /* ActivityBar.swift */; };
		75C51A84756BB865D20F817B /* MarkdownEditor-LICENSES.txt in Resources */ = {isa = PBXBuildFile; fileRef = 172101D319062647B9B2DCA5 /* MarkdownEditor-LICENSES.txt */; };
		767549249E14A0CCD8308B5D /* CrowTheme.swift in Sources */ = {isa = PBXBuildFile; fileRef = DC6FE655559409CAEE08CABB /* CrowTheme.swift */; };
		7CB37409839299CC9E07C7BC /* ClipboardImage.swift in Sources */ = {isa = PBXBuildFile; fileRef = 92E1A835A396F92CE325D051 /* ClipboardImage.swift */; };
		7D1F42A42AE8999100EAE27A /* SystemSFTP.swift in Sources */ = {isa = PBXBuildFile; fileRef = BFB7AF7430341FE5EEFCF14F /* SystemSFTP.swift */; };
		7FC5DFA40E531A3B34244973 /* InputToolsTests.swift in Sources */ = {isa = PBXBuildFile; fileRef = 1060A874F96F1D04933A95A4 /* InputToolsTests.swift */; };
		7FCD9CC26EC36C5B9A873052 /* CrowCore in Frameworks */ = {isa = PBXBuildFile; productRef = CC5D04CB9ACC760C88D98F53 /* CrowCore */; };
		80698A89DB4795DE38DE02B8 /* AutomationTests.swift in Sources */ = {isa = PBXBuildFile; fileRef = 4F5CE459FBFDAD4C623FBFA2 /* AutomationTests.swift */; };
		844C7BF8A0818A7B8DE81629 /* DeviceStatusView.swift in Sources */ = {isa = PBXBuildFile; fileRef = B644FAC9637B15DC228AEB25 /* DeviceStatusView.swift */; };
		86A5A854B9933AC76C04BF72 /* GitAccountStore.swift in Sources */ = {isa = PBXBuildFile; fileRef = 0CB18812BFBA98E38C3717DF /* GitAccountStore.swift */; };
		89BFA1C55D992D8B5A873757 /* KeyboardAccessory.swift in Sources */ = {isa = PBXBuildFile; fileRef = D59A3074AF3C2BC650FA1DB1 /* KeyboardAccessory.swift */; };
		8A17E1C119C88F637133B6A2 /* FloatingWorkspaceView.swift in Sources */ = {isa = PBXBuildFile; fileRef = 339F8BF0F81F188A4D8C5EB2 /* FloatingWorkspaceView.swift */; };
		8A418EC2E91A9E5D3A8090EE /* noVNC-MPL-2.0.txt in Resources */ = {isa = PBXBuildFile; fileRef = EABE90007D32A5AB08E781B6 /* noVNC-MPL-2.0.txt */; };
		8A8830AFBFAA90255D512E17 /* ScreenTransport.swift in Sources */ = {isa = PBXBuildFile; fileRef = E862B7E6799992ED9C868801 /* ScreenTransport.swift */; };
		8AC360405C5CEAF39BD15D74 /* CrowAppTests.swift in Sources */ = {isa = PBXBuildFile; fileRef = F5729D08E8A70FF658CDDB5D /* CrowAppTests.swift */; };
		8ADA6209171085844E2CF848 /* ImagePreview.swift in Sources */ = {isa = PBXBuildFile; fileRef = 8765347E3B072862DFF0E768 /* ImagePreview.swift */; };
		8B146E0D24489865E8F69A92 /* CrowApp.swift in Sources */ = {isa = PBXBuildFile; fileRef = 9FDEC33B0A4B5FCB5FE135A0 /* CrowApp.swift */; };
		8D99C0C0E2E1C51ABFC932D9 /* ExternalFileRefreshTests.swift in Sources */ = {isa = PBXBuildFile; fileRef = 6A3FFAB2E0A71622EA1EEA37 /* ExternalFileRefreshTests.swift */; };
		8F1D16A4EAA6989247ABE75A /* AppModel.swift in Sources */ = {isa = PBXBuildFile; fileRef = 6F615327A09249D69F58FB1F /* AppModel.swift */; };
		91CF967F77B61D395D04BE86 /* ClipboardImage.swift in Sources */ = {isa = PBXBuildFile; fileRef = 92E1A835A396F92CE325D051 /* ClipboardImage.swift */; };
		92C1300AB5AB189E28E75E8E /* noVNC-LICENSE.txt in Resources */ = {isa = PBXBuildFile; fileRef = 6CB7503B9851D9F1900409A4 /* noVNC-LICENSE.txt */; };
		9431E53536BC25C12D9F5AAB /* SSHKeysView.swift in Sources */ = {isa = PBXBuildFile; fileRef = C7B742B462C9437666459DC7 /* SSHKeysView.swift */; };
		9443867998CC98D439C2204A /* WorkspaceWindowTests.swift in Sources */ = {isa = PBXBuildFile; fileRef = DDE6FDEB1FF14A405E225AEF /* WorkspaceWindowTests.swift */; };
		966ABC99E5D271A029B41B2C /* agent-history.py in Resources */ = {isa = PBXBuildFile; fileRef = 140AC63758DF056BAAA0F2E0 /* agent-history.py */; };
		9897BDD2266FEC60DE6EEB74 /* crowmap.js in Resources */ = {isa = PBXBuildFile; fileRef = 5482C69CE1B579F4D9DCD13E /* crowmap.js */; };
		9AADDDB507BD99DEC635ED23 /* MacLifecycle.swift in Sources */ = {isa = PBXBuildFile; fileRef = AD4B9BD8562188F49D3A7528 /* MacLifecycle.swift */; };
		9C8D628EB6C5776A7ABD730A /* agent-history.py in Resources */ = {isa = PBXBuildFile; fileRef = 140AC63758DF056BAAA0F2E0 /* agent-history.py */; };
		9CB1043741E0F4CF0B113E73 /* InputToolsSettingsView.swift in Sources */ = {isa = PBXBuildFile; fileRef = 661CBE9EFE11FEC7219B9482 /* InputToolsSettingsView.swift */; };
		9D1F73D97BC4699A52439627 /* NIOSSH in Frameworks */ = {isa = PBXBuildFile; productRef = 68BBECF2EC28932960B09590 /* NIOSSH */; };
		A03ABD408F30651820EB1A45 /* SSHIntegrationTests.swift in Sources */ = {isa = PBXBuildFile; fileRef = 04D920867B0F3E4BCBEE1487 /* SSHIntegrationTests.swift */; };
		A51494627BA218531E007CD1 /* GitSettingsView.swift in Sources */ = {isa = PBXBuildFile; fileRef = 0CE727E5075C5BE8A3631D8B /* GitSettingsView.swift */; };
		A53E1FCC6B5BFFA376DF6273 /* SSHCommandView.swift in Sources */ = {isa = PBXBuildFile; fileRef = A093E56E71878F7439A35214 /* SSHCommandView.swift */; };
		A5989B2EA5A97028F108D429 /* EditorFileActionTests.swift in Sources */ = {isa = PBXBuildFile; fileRef = 9693534C8C84C0F82D811B79 /* EditorFileActionTests.swift */; };
		A77F3CB51D3FE4976052D994 /* SSHKeysView.swift in Sources */ = {isa = PBXBuildFile; fileRef = C7B742B462C9437666459DC7 /* SSHKeysView.swift */; };
		A929B866566A5CCAE38C86F1 /* EditorFileActionTests.swift in Sources */ = {isa = PBXBuildFile; fileRef = 9693534C8C84C0F82D811B79 /* EditorFileActionTests.swift */; };
		AA22AFCBC0D6D8062B823DD8 /* Assets.xcassets in Resources */ = {isa = PBXBuildFile; fileRef = A9F91460E98231B14EB73C47 /* Assets.xcassets */; };
		AA23EB7F0A3D08E406D172D9 /* MacLifecycle.swift in Sources */ = {isa = PBXBuildFile; fileRef = AD4B9BD8562188F49D3A7528 /* MacLifecycle.swift */; };
		AB696B90F6F0D93D46BB9079 /* BrowserTunnel.swift in Sources */ = {isa = PBXBuildFile; fileRef = 2A1D93117DA8A8D6047D3965 /* BrowserTunnel.swift */; };
		ABACF798FB51E0E27B5574D6 /* ReverseSSH.swift in Sources */ = {isa = PBXBuildFile; fileRef = BB0DC14E5D6A0759676BB451 /* ReverseSSH.swift */; };
		AD1E53E274AEECCAD376720E /* NativeEditor.swift in Sources */ = {isa = PBXBuildFile; fileRef = C6FCB86B2C0FDA5493B944CF /* NativeEditor.swift */; };
		AD91989787BF5A7C12FEAE99 /* obsidian-preview.css in Resources */ = {isa = PBXBuildFile; fileRef = 52664EA2D3352E84D423F7A6 /* obsidian-preview.css */; };
		AE31354632215BBCFA3E2E38 /* GitAccountTests.swift in Sources */ = {isa = PBXBuildFile; fileRef = 907A6D50427DA2785D5BD7D0 /* GitAccountTests.swift */; };
		AF3E140C7BE0D639268D14ED /* WorkspaceState.swift in Sources */ = {isa = PBXBuildFile; fileRef = 8EA566B3B7FC5A1045FB65CD /* WorkspaceState.swift */; };
		AF4FF75AED678256F680A44D /* AgentProviderIcon.swift in Sources */ = {isa = PBXBuildFile; fileRef = 4095AA7991A062BD3C25C772 /* AgentProviderIcon.swift */; };
		B09A2B69C85652902D15946E /* Assets.xcassets in Resources */ = {isa = PBXBuildFile; fileRef = A9F91460E98231B14EB73C47 /* Assets.xcassets */; };
		B24C6F0FF382E36948831A4B /* crowmap.css in Resources */ = {isa = PBXBuildFile; fileRef = BA76ED56F7B4581D260A74A3 /* crowmap.css */; };
		B25D63E7821D7C09C8D785EE /* HostEditorView.swift in Sources */ = {isa = PBXBuildFile; fileRef = 3AB3C28673F053D82E7D7F7D /* HostEditorView.swift */; };
		B3C5A50644038D59E140B3EA /* AgentTerminalModel.swift in Sources */ = {isa = PBXBuildFile; fileRef = BE73E4E5D9EA65052AC9AB3A /* AgentTerminalModel.swift */; };
		B86EDD8210B36668CEABE612 /* RemoteScreenSession.swift in Sources */ = {isa = PBXBuildFile; fileRef = A53A8A766C91093D5BB4978A /* RemoteScreenSession.swift */; };
		B89B09460A8C7E81D77F90CC /* screen-client.js in Resources */ = {isa = PBXBuildFile; fileRef = 3034D3C221FEB585F2E1C669 /* screen-client.js */; };
		B8A759DC5A35A1E937BA1700 /* AppModel.swift in Sources */ = {isa = PBXBuildFile; fileRef = 6F615327A09249D69F58FB1F /* AppModel.swift */; };
		BC43348D2909F9956DBB3616 /* obsidian-preview.js in Resources */ = {isa = PBXBuildFile; fileRef = 2C4EBF407F4D98D53A926C34 /* obsidian-preview.js */; };
		BE37FD9491B1F61883D63C35 /* CrowCore in Frameworks */ = {isa = PBXBuildFile; productRef = 2095F40A89154572BBF0B9AA /* CrowCore */; };
		BF4AF95C56770D6B7EB35793 /* RemoteScreenView.swift in Sources */ = {isa = PBXBuildFile; fileRef = 9AA3034A580AD90BE6284FE8 /* RemoteScreenView.swift */; };
		BF5C23BF3701F93C0F3921B1 /* AgentTerminalIntegrationTests.swift in Sources */ = {isa = PBXBuildFile; fileRef = CAD4480BF3D0A25FFA1A5902 /* AgentTerminalIntegrationTests.swift */; };
		BF6A37C016DE363A14BF9C1A /* FileRevision.swift in Sources */ = {isa = PBXBuildFile; fileRef = D2B0182A2707E63DEF43B27F /* FileRevision.swift */; };
		BF763703C9E32205057C65BC /* TmuxModel.swift in Sources */ = {isa = PBXBuildFile; fileRef = 716281610798F89A6806D06E /* TmuxModel.swift */; };
		C196D401442A59AC0511ACB7 /* MarkdownEditor.swift in Sources */ = {isa = PBXBuildFile; fileRef = DFD86389EC36971CA5AE241B /* MarkdownEditor.swift */; };
		C3266AD20FD3C67651ECE542 /* InspectorPanel.swift in Sources */ = {isa = PBXBuildFile; fileRef = 18B58CEDCD01E6C219105813 /* InspectorPanel.swift */; };
		C3F5D11C3487825586550ED1 /* noVNC-AUTHORS.txt in Resources */ = {isa = PBXBuildFile; fileRef = AAACAB37C24CCD7B65615743 /* noVNC-AUTHORS.txt */; };
		C4453DC4CAB73D14F3EC557F /* TerminalSession.swift in Sources */ = {isa = PBXBuildFile; fileRef = 37FA822D65A1861321E1F582 /* TerminalSession.swift */; };
		C7061386EE590421187C2662 /* markdown-editor.js in Resources */ = {isa = PBXBuildFile; fileRef = 7FACD1BCE145D0783FF32A74 /* markdown-editor.js */; };
		C924A241512F3DBDC6710442 /* RemoteConnection.swift in Sources */ = {isa = PBXBuildFile; fileRef = 3281820F331A8C3742CC86D3 /* RemoteConnection.swift */; };
		CCE6E2AEA64B7B698A9763DF /* noVNC-LICENSE.txt in Resources */ = {isa = PBXBuildFile; fileRef = 6CB7503B9851D9F1900409A4 /* noVNC-LICENSE.txt */; };
		CE002A44D5FC2441C3CC3240 /* SidebarView.swift in Sources */ = {isa = PBXBuildFile; fileRef = 81CDA3E505278504B945809C /* SidebarView.swift */; };
		CE947F6659C0C839353BC407 /* TmuxPanel.swift in Sources */ = {isa = PBXBuildFile; fileRef = 8CDC97BFAAD71B9C38097178 /* TmuxPanel.swift */; };
		D0891CEA047B4F2EE9D04E48 /* BrowserTunnel.swift in Sources */ = {isa = PBXBuildFile; fileRef = 2A1D93117DA8A8D6047D3965 /* BrowserTunnel.swift */; };
		D0F38D26670FE194C98785D2 /* obsidian-preview.css in Resources */ = {isa = PBXBuildFile; fileRef = 52664EA2D3352E84D423F7A6 /* obsidian-preview.css */; };
		D24DE5DBCABB77ED892C319D /* WorkspaceWindowStore.swift in Sources */ = {isa = PBXBuildFile; fileRef = A2063D83DB3FB2D009C3709B /* WorkspaceWindowStore.swift */; };
		D3963F717A1C0166859C87A5 /* EditorIntegrationTests.swift in Sources */ = {isa = PBXBuildFile; fileRef = 9E547330B27D26BCBEF4B0E6 /* EditorIntegrationTests.swift */; };
		D550D42C0D1DE6E4F04A5FC4 /* AgentWorkspaceBrowser.swift in Sources */ = {isa = PBXBuildFile; fileRef = 74DD85957B8C689F91EB98BE /* AgentWorkspaceBrowser.swift */; };
		D5B0C12AB8A768B1BAD3B197 /* AutomationPanel.swift in Sources */ = {isa = PBXBuildFile; fileRef = 8273CFA83F96C58BCB28B1DB /* AutomationPanel.swift */; };
		D5E54E5A030459741AFF3011 /* ActivityBar.swift in Sources */ = {isa = PBXBuildFile; fileRef = 75FF130C71180BF8D69923FE /* ActivityBar.swift */; };
		DAD61F96BAC61755BCFD24C8 /* Citadel in Frameworks */ = {isa = PBXBuildFile; productRef = DE53485A258DA8FF8E438A1C /* Citadel */; };
		DB0AB24C8555A62CB34E60E3 /* Citadel in Frameworks */ = {isa = PBXBuildFile; productRef = 22349BC58B8FD19F9A28CF2B /* Citadel */; };
		DC437DE65D97D66069367B6A /* ObsidianPreview.swift in Sources */ = {isa = PBXBuildFile; fileRef = 5B85D763E57E196A15D3A78E /* ObsidianPreview.swift */; };
		DD4F6B69AAD6938989797A11 /* FileRevision.swift in Sources */ = {isa = PBXBuildFile; fileRef = D2B0182A2707E63DEF43B27F /* FileRevision.swift */; };
		DD79F454BF6855023C332AF5 /* InputToolsTests.swift in Sources */ = {isa = PBXBuildFile; fileRef = 1060A874F96F1D04933A95A4 /* InputToolsTests.swift */; };
		DFACF071DF461B8E8B3D7DE6 /* WindowDragRegion.swift in Sources */ = {isa = PBXBuildFile; fileRef = 2C603D2C1525D197887432FC /* WindowDragRegion.swift */; };
		E0838A98A97611535C881A1A /* EditorAreaView.swift in Sources */ = {isa = PBXBuildFile; fileRef = 9A02A695DAF9491F2C3677E5 /* EditorAreaView.swift */; };
		E37F3C5FF7993AB42B933D31 /* TerminalSession.swift in Sources */ = {isa = PBXBuildFile; fileRef = 37FA822D65A1861321E1F582 /* TerminalSession.swift */; };
		E4C9ACC26C843EC9B757A065 /* CrowAppTests.swift in Sources */ = {isa = PBXBuildFile; fileRef = F5729D08E8A70FF658CDDB5D /* CrowAppTests.swift */; };
		E4D153F2F290331628B720A4 /* ScreenTransport.swift in Sources */ = {isa = PBXBuildFile; fileRef = E862B7E6799992ED9C868801 /* ScreenTransport.swift */; };
		EB9B4F83AB3569A27A3B6589 /* EchoTerminalTests.swift in Sources */ = {isa = PBXBuildFile; fileRef = 2C353EAB1B7F7FBE0784989C /* EchoTerminalTests.swift */; };
		EEC7271531FE80FAF9D47491 /* AutomationService.swift in Sources */ = {isa = PBXBuildFile; fileRef = FE00389FB5F03EB13AAE7F27 /* AutomationService.swift */; };
		EFE59F8F94B5B9DF43E597FD /* RemoteScreenView.swift in Sources */ = {isa = PBXBuildFile; fileRef = 9AA3034A580AD90BE6284FE8 /* RemoteScreenView.swift */; };
		F075436F4BBAC56896666DE8 /* KeyboardAccessory.swift in Sources */ = {isa = PBXBuildFile; fileRef = D59A3074AF3C2BC650FA1DB1 /* KeyboardAccessory.swift */; };
		F0CB3D4F2984862CA938F72D /* MarkdownEditor.swift in Sources */ = {isa = PBXBuildFile; fileRef = DFD86389EC36971CA5AE241B /* MarkdownEditor.swift */; };
		F1D875AE7E648744754BA3F2 /* noVNC-pako-LICENSE.txt in Resources */ = {isa = PBXBuildFile; fileRef = 3D8C5ED657682901320A3B6E /* noVNC-pako-LICENSE.txt */; };
		F1E34CDF4B6F7DE2EE9E772E /* WorkspaceWindowStore.swift in Sources */ = {isa = PBXBuildFile; fileRef = A2063D83DB3FB2D009C3709B /* WorkspaceWindowStore.swift */; };
		F4615645CEFDAA975B5A3EAC /* SidebarView.swift in Sources */ = {isa = PBXBuildFile; fileRef = 81CDA3E505278504B945809C /* SidebarView.swift */; };
		F59C882D23AB86434EEF74E2 /* AgentTerminalIntegrationTests.swift in Sources */ = {isa = PBXBuildFile; fileRef = CAD4480BF3D0A25FFA1A5902 /* AgentTerminalIntegrationTests.swift */; };
		F6914E3AC737AA692DE9BE33 /* ObsidianPreview.swift in Sources */ = {isa = PBXBuildFile; fileRef = 5B85D763E57E196A15D3A78E /* ObsidianPreview.swift */; };
		F834C55CE5E20F8B4CADDD72 /* TmuxModel.swift in Sources */ = {isa = PBXBuildFile; fileRef = 716281610798F89A6806D06E /* TmuxModel.swift */; };
		F876095CBC3D5023BA3F155C /* SystemSSH.swift in Sources */ = {isa = PBXBuildFile; fileRef = A64421F4C0BC85E5DEB52ECF /* SystemSSH.swift */; };
/* End PBXBuildFile section */

/* Begin PBXContainerItemProxy section */
		EE77B756C299A15188DB49F4 /* PBXContainerItemProxy */ = {
			isa = PBXContainerItemProxy;
			containerPortal = B7BA9CDB1952F5FD7709BBAC /* Project object */;
			proxyType = 1;
			remoteGlobalIDString = FC0321C587152591263AC989;
			remoteInfo = "Crow-iOS";
		};
		F482969ED48AD902E121A0F1 /* PBXContainerItemProxy */ = {
			isa = PBXContainerItemProxy;
			containerPortal = B7BA9CDB1952F5FD7709BBAC /* Project object */;
			proxyType = 1;
			remoteGlobalIDString = E4AE45982E13F2167A1BB283;
			remoteInfo = "Crow-macOS";
		};
/* End PBXContainerItemProxy section */

/* Begin PBXFileReference section */
		04D920867B0F3E4BCBEE1487 /* SSHIntegrationTests.swift */ = {isa = PBXFileReference; lastKnownFileType = sourcecode.swift; path = SSHIntegrationTests.swift; sourceTree = "<group>"; };
		0904799224C58418EA1D5CE8 /* CrowMacTests.xctest */ = {isa = PBXFileReference; explicitFileType = wrapper.cfbundle; includeInIndex = 0; path = CrowMacTests.xctest; sourceTree = BUILT_PRODUCTS_DIR; };
		0CB18812BFBA98E38C3717DF /* GitAccountStore.swift */ = {isa = PBXFileReference; lastKnownFileType = sourcecode.swift; path = GitAccountStore.swift; sourceTree = "<group>"; };
		0CE727E5075C5BE8A3631D8B /* GitSettingsView.swift */ = {isa = PBXFileReference; lastKnownFileType = sourcecode.swift; path = GitSettingsView.swift; sourceTree = "<group>"; };
		1060A874F96F1D04933A95A4 /* InputToolsTests.swift */ = {isa = PBXFileReference; lastKnownFileType = sourcecode.swift; path = InputToolsTests.swift; sourceTree = "<group>"; };
		140AC63758DF056BAAA0F2E0 /* agent-history.py */ = {isa = PBXFileReference; lastKnownFileType = text.script.python; path = "agent-history.py"; sourceTree = "<group>"; };
		172101D319062647B9B2DCA5 /* MarkdownEditor-LICENSES.txt */ = {isa = PBXFileReference; lastKnownFileType = text; path = "MarkdownEditor-LICENSES.txt"; sourceTree = "<group>"; };
		18B58CEDCD01E6C219105813 /* InspectorPanel.swift */ = {isa = PBXFileReference; lastKnownFileType = sourcecode.swift; path = InspectorPanel.swift; sourceTree = "<group>"; };
		1D6FE2066F26515996C3DF34 /* screen.html */ = {isa = PBXFileReference; lastKnownFileType = text.html; path = screen.html; sourceTree = "<group>"; };
		235F52DE5541A1DBA3854B62 /* CrowmapView.swift */ = {isa = PBXFileReference; lastKnownFileType = sourcecode.swift; path = CrowmapView.swift; sourceTree = "<group>"; };
		2A1D93117DA8A8D6047D3965 /* BrowserTunnel.swift */ = {isa = PBXFileReference; lastKnownFileType = sourcecode.swift; path = BrowserTunnel.swift; sourceTree = "<group>"; };
		2C353EAB1B7F7FBE0784989C /* EchoTerminalTests.swift */ = {isa = PBXFileReference; lastKnownFileType = sourcecode.swift; path = EchoTerminalTests.swift; sourceTree = "<group>"; };
		2C4EBF407F4D98D53A926C34 /* obsidian-preview.js */ = {isa = PBXFileReference; lastKnownFileType = sourcecode.javascript; path = "obsidian-preview.js"; sourceTree = "<group>"; };
		2C603D2C1525D197887432FC /* WindowDragRegion.swift */ = {isa = PBXFileReference; lastKnownFileType = sourcecode.swift; path = WindowDragRegion.swift; sourceTree = "<group>"; };
		3034D3C221FEB585F2E1C669 /* screen-client.js */ = {isa = PBXFileReference; lastKnownFileType = sourcecode.javascript; path = "screen-client.js"; sourceTree = "<group>"; };
		3108F71F95FFCA2BBECE3761 /* EditorFileMenu.swift */ = {isa = PBXFileReference; lastKnownFileType = sourcecode.swift; path = EditorFileMenu.swift; sourceTree = "<group>"; };
		3281820F331A8C3742CC86D3 /* RemoteConnection.swift */ = {isa = PBXFileReference; lastKnownFileType = sourcecode.swift; path = RemoteConnection.swift; sourceTree = "<group>"; };
		339F8BF0F81F188A4D8C5EB2 /* FloatingWorkspaceView.swift */ = {isa = PBXFileReference; lastKnownFileType = sourcecode.swift; path = FloatingWorkspaceView.swift; sourceTree = "<group>"; };
		37FA822D65A1861321E1F582 /* TerminalSession.swift */ = {isa = PBXFileReference; lastKnownFileType = sourcecode.swift; path = TerminalSession.swift; sourceTree = "<group>"; };
		3AB3C28673F053D82E7D7F7D /* HostEditorView.swift */ = {isa = PBXFileReference; lastKnownFileType = sourcecode.swift; path = HostEditorView.swift; sourceTree = "<group>"; };
		3D8C5ED657682901320A3B6E /* noVNC-pako-LICENSE.txt */ = {isa = PBXFileReference; lastKnownFileType = text; path = "noVNC-pako-LICENSE.txt"; sourceTree = "<group>"; };
		4095AA7991A062BD3C25C772 /* AgentProviderIcon.swift */ = {isa = PBXFileReference; lastKnownFileType = sourcecode.swift; path = AgentProviderIcon.swift; sourceTree = "<group>"; };
		4F5CE459FBFDAD4C623FBFA2 /* AutomationTests.swift */ = {isa = PBXFileReference; lastKnownFileType = sourcecode.swift; path = AutomationTests.swift; sourceTree = "<group>"; };
		52664EA2D3352E84D423F7A6 /* obsidian-preview.css */ = {isa = PBXFileReference; lastKnownFileType = text.css; path = "obsidian-preview.css"; sourceTree = "<group>"; };
		5482C69CE1B579F4D9DCD13E /* crowmap.js */ = {isa = PBXFileReference; lastKnownFileType = sourcecode.javascript; path = crowmap.js; sourceTree = "<group>"; };
		5B85D763E57E196A15D3A78E /* ObsidianPreview.swift */ = {isa = PBXFileReference; lastKnownFileType = sourcecode.swift; path = ObsidianPreview.swift; sourceTree = "<group>"; };
		5D62E4109A64D19EB1B58385 /* ScreenIntegrationChecks.swift */ = {isa = PBXFileReference; lastKnownFileType = sourcecode.swift; path = ScreenIntegrationChecks.swift; sourceTree = "<group>"; };
		61B3B2623FE25570F04A96B0 /* GitRepository.swift */ = {isa = PBXFileReference; lastKnownFileType = sourcecode.swift; path = GitRepository.swift; sourceTree = "<group>"; };
		624990E2268E1F485C34E974 /* SSHKeyStore.swift */ = {isa = PBXFileReference; lastKnownFileType = sourcecode.swift; path = SSHKeyStore.swift; sourceTree = "<group>"; };
		624F64C25FAB07DDF7AEAF65 /* EchoTerminalFixture.swift */ = {isa = PBXFileReference; lastKnownFileType = sourcecode.swift; path = EchoTerminalFixture.swift; sourceTree = "<group>"; };
		643351A73DF6ED8D3D6E4193 /* Crow.app */ = {isa = PBXFileReference; includeInIndex = 0; lastKnownFileType = wrapper.application; path = Crow.app; sourceTree = BUILT_PRODUCTS_DIR; };
		661CBE9EFE11FEC7219B9482 /* InputToolsSettingsView.swift */ = {isa = PBXFileReference; lastKnownFileType = sourcecode.swift; path = InputToolsSettingsView.swift; sourceTree = "<group>"; };
		6A3FFAB2E0A71622EA1EEA37 /* ExternalFileRefreshTests.swift */ = {isa = PBXFileReference; lastKnownFileType = sourcecode.swift; path = ExternalFileRefreshTests.swift; sourceTree = "<group>"; };
		6CB7503B9851D9F1900409A4 /* noVNC-LICENSE.txt */ = {isa = PBXFileReference; lastKnownFileType = text; path = "noVNC-LICENSE.txt"; sourceTree = "<group>"; };
		6F615327A09249D69F58FB1F /* AppModel.swift */ = {isa = PBXFileReference; lastKnownFileType = sourcecode.swift; path = AppModel.swift; sourceTree = "<group>"; };
		716281610798F89A6806D06E /* TmuxModel.swift */ = {isa = PBXFileReference; lastKnownFileType = sourcecode.swift; path = TmuxModel.swift; sourceTree = "<group>"; };
		736A91B1AC75EDEE2EC70D47 /* Crow.app */ = {isa = PBXFileReference; explicitFileType = wrapper.application; includeInIndex = 0; path = Crow.app; sourceTree = BUILT_PRODUCTS_DIR; };
		74DD85957B8C689F91EB98BE /* AgentWorkspaceBrowser.swift */ = {isa = PBXFileReference; lastKnownFileType = sourcecode.swift; path = AgentWorkspaceBrowser.swift; sourceTree = "<group>"; };
		75FF130C71180BF8D69923FE /* ActivityBar.swift */ = {isa = PBXFileReference; lastKnownFileType = sourcecode.swift; path = ActivityBar.swift; sourceTree = "<group>"; };
		7886B21F86C3AB4079FA54F6 /* AgentHistoryPanel.swift */ = {isa = PBXFileReference; lastKnownFileType = sourcecode.swift; path = AgentHistoryPanel.swift; sourceTree = "<group>"; };
		7FACD1BCE145D0783FF32A74 /* markdown-editor.js */ = {isa = PBXFileReference; lastKnownFileType = sourcecode.javascript; path = "markdown-editor.js"; sourceTree = "<group>"; };
		81CDA3E505278504B945809C /* SidebarView.swift */ = {isa = PBXFileReference; lastKnownFileType = sourcecode.swift; path = SidebarView.swift; sourceTree = "<group>"; };
		8273CFA83F96C58BCB28B1DB /* AutomationPanel.swift */ = {isa = PBXFileReference; lastKnownFileType = sourcecode.swift; path = AutomationPanel.swift; sourceTree = "<group>"; };
		8765347E3B072862DFF0E768 /* ImagePreview.swift */ = {isa = PBXFileReference; lastKnownFileType = sourcecode.swift; path = ImagePreview.swift; sourceTree = "<group>"; };
		8CDC97BFAAD71B9C38097178 /* TmuxPanel.swift */ = {isa = PBXFileReference; lastKnownFileType = sourcecode.swift; path = TmuxPanel.swift; sourceTree = "<group>"; };
		8EA566B3B7FC5A1045FB65CD /* WorkspaceState.swift */ = {isa = PBXFileReference; lastKnownFileType = sourcecode.swift; path = WorkspaceState.swift; sourceTree = "<group>"; };
		907A6D50427DA2785D5BD7D0 /* GitAccountTests.swift */ = {isa = PBXFileReference; lastKnownFileType = sourcecode.swift; path = GitAccountTests.swift; sourceTree = "<group>"; };
		92E1A835A396F92CE325D051 /* ClipboardImage.swift */ = {isa = PBXFileReference; lastKnownFileType = sourcecode.swift; path = ClipboardImage.swift; sourceTree = "<group>"; };
		9693534C8C84C0F82D811B79 /* EditorFileActionTests.swift */ = {isa = PBXFileReference; lastKnownFileType = sourcecode.swift; path = EditorFileActionTests.swift; sourceTree = "<group>"; };
		96FFA31B7AB3701EC1A420FC /* BrowserTests.swift */ = {isa = PBXFileReference; lastKnownFileType = sourcecode.swift; path = BrowserTests.swift; sourceTree = "<group>"; };
		97A032C53156473E97D0B162 /* Crow-macOS.entitlements */ = {isa = PBXFileReference; lastKnownFileType = text.plist.entitlements; path = "Crow-macOS.entitlements"; sourceTree = "<group>"; };
		9959DE8F729C51EF2EE34523 /* noVNC-BSD-2-Clause.txt */ = {isa = PBXFileReference; lastKnownFileType = text; path = "noVNC-BSD-2-Clause.txt"; sourceTree = "<group>"; };
		99A0D14EB92B5053E7DCB3F7 /* noVNC-BSD-3-Clause.txt */ = {isa = PBXFileReference; lastKnownFileType = text; path = "noVNC-BSD-3-Clause.txt"; sourceTree = "<group>"; };
		9A02A695DAF9491F2C3677E5 /* EditorAreaView.swift */ = {isa = PBXFileReference; lastKnownFileType = sourcecode.swift; path = EditorAreaView.swift; sourceTree = "<group>"; };
		9AA3034A580AD90BE6284FE8 /* RemoteScreenView.swift */ = {isa = PBXFileReference; lastKnownFileType = sourcecode.swift; path = RemoteScreenView.swift; sourceTree = "<group>"; };
		9D32992D5A11A39787F52729 /* CrowRootView.swift */ = {isa = PBXFileReference; lastKnownFileType = sourcecode.swift; path = CrowRootView.swift; sourceTree = "<group>"; };
		9E547330B27D26BCBEF4B0E6 /* EditorIntegrationTests.swift */ = {isa = PBXFileReference; lastKnownFileType = sourcecode.swift; path = EditorIntegrationTests.swift; sourceTree = "<group>"; };
		9FDEC33B0A4B5FCB5FE135A0 /* CrowApp.swift */ = {isa = PBXFileReference; lastKnownFileType = sourcecode.swift; path = CrowApp.swift; sourceTree = "<group>"; };
		A093E56E71878F7439A35214 /* SSHCommandView.swift */ = {isa = PBXFileReference; lastKnownFileType = sourcecode.swift; path = SSHCommandView.swift; sourceTree = "<group>"; };
		A2063D83DB3FB2D009C3709B /* WorkspaceWindowStore.swift */ = {isa = PBXFileReference; lastKnownFileType = sourcecode.swift; path = WorkspaceWindowStore.swift; sourceTree = "<group>"; };
		A3F192DCE11FE3F8039758CB /* SSHKeyStoreTests.swift */ = {isa = PBXFileReference; lastKnownFileType = sourcecode.swift; path = SSHKeyStoreTests.swift; sourceTree = "<group>"; };
		A53A8A766C91093D5BB4978A /* RemoteScreenSession.swift */ = {isa = PBXFileReference; lastKnownFileType = sourcecode.swift; path = RemoteScreenSession.swift; sourceTree = "<group>"; };
		A572F4E00B3F5144359E22C0 /* CrowCore */ = {isa = PBXFileReference; lastKnownFileType = folder; name = CrowCore; path = Packages/CrowCore; sourceTree = SOURCE_ROOT; };
		A64421F4C0BC85E5DEB52ECF /* SystemSSH.swift */ = {isa = PBXFileReference; lastKnownFileType = sourcecode.swift; path = SystemSSH.swift; sourceTree = "<group>"; };
		A9F91460E98231B14EB73C47 /* Assets.xcassets */ = {isa = PBXFileReference; lastKnownFileType = folder.assetcatalog; path = Assets.xcassets; sourceTree = "<group>"; };
		AAACAB37C24CCD7B65615743 /* noVNC-AUTHORS.txt */ = {isa = PBXFileReference; lastKnownFileType = text; path = "noVNC-AUTHORS.txt"; sourceTree = "<group>"; };
		AD4B9BD8562188F49D3A7528 /* MacLifecycle.swift */ = {isa = PBXFileReference; lastKnownFileType = sourcecode.swift; path = MacLifecycle.swift; sourceTree = "<group>"; };
		B644FAC9637B15DC228AEB25 /* DeviceStatusView.swift */ = {isa = PBXFileReference; lastKnownFileType = sourcecode.swift; path = DeviceStatusView.swift; sourceTree = "<group>"; };
		BA76ED56F7B4581D260A74A3 /* crowmap.css */ = {isa = PBXFileReference; lastKnownFileType = text.css; path = crowmap.css; sourceTree = "<group>"; };
		BB0DC14E5D6A0759676BB451 /* ReverseSSH.swift */ = {isa = PBXFileReference; lastKnownFileType = sourcecode.swift; path = ReverseSSH.swift; sourceTree = "<group>"; };
		BE73E4E5D9EA65052AC9AB3A /* AgentTerminalModel.swift */ = {isa = PBXFileReference; lastKnownFileType = sourcecode.swift; path = AgentTerminalModel.swift; sourceTree = "<group>"; };
		BFB7AF7430341FE5EEFCF14F /* SystemSFTP.swift */ = {isa = PBXFileReference; lastKnownFileType = sourcecode.swift; path = SystemSFTP.swift; sourceTree = "<group>"; };
		C6FCB86B2C0FDA5493B944CF /* NativeEditor.swift */ = {isa = PBXFileReference; lastKnownFileType = sourcecode.swift; path = NativeEditor.swift; sourceTree = "<group>"; };
		C7B742B462C9437666459DC7 /* SSHKeysView.swift */ = {isa = PBXFileReference; lastKnownFileType = sourcecode.swift; path = SSHKeysView.swift; sourceTree = "<group>"; };
		CAD4480BF3D0A25FFA1A5902 /* AgentTerminalIntegrationTests.swift */ = {isa = PBXFileReference; lastKnownFileType = sourcecode.swift; path = AgentTerminalIntegrationTests.swift; sourceTree = "<group>"; };
		CB9788339A1AB51301E2DF81 /* CrowTests.xctest */ = {isa = PBXFileReference; includeInIndex = 0; lastKnownFileType = wrapper.cfbundle; path = CrowTests.xctest; sourceTree = BUILT_PRODUCTS_DIR; };
		D2B0182A2707E63DEF43B27F /* FileRevision.swift */ = {isa = PBXFileReference; lastKnownFileType = sourcecode.swift; path = FileRevision.swift; sourceTree = "<group>"; };
		D3349169196FAD9BE6A89FEB /* TerminalIntegrationTests.swift */ = {isa = PBXFileReference; lastKnownFileType = sourcecode.swift; path = TerminalIntegrationTests.swift; sourceTree = "<group>"; };
		D59A3074AF3C2BC650FA1DB1 /* KeyboardAccessory.swift */ = {isa = PBXFileReference; lastKnownFileType = sourcecode.swift; path = KeyboardAccessory.swift; sourceTree = "<group>"; };
		D7C2A984C5FCD34A310B3011 /* BrowserView.swift */ = {isa = PBXFileReference; lastKnownFileType = sourcecode.swift; path = BrowserView.swift; sourceTree = "<group>"; };
		D8A85DB8385B70D7E310D980 /* Crow-iOS.entitlements */ = {isa = PBXFileReference; lastKnownFileType = text.plist.entitlements; path = "Crow-iOS.entitlements"; sourceTree = "<group>"; };
		DC6FE655559409CAEE08CABB /* CrowTheme.swift */ = {isa = PBXFileReference; lastKnownFileType = sourcecode.swift; path = CrowTheme.swift; sourceTree = "<group>"; };
		DDE6FDEB1FF14A405E225AEF /* WorkspaceWindowTests.swift */ = {isa = PBXFileReference; lastKnownFileType = sourcecode.swift; path = WorkspaceWindowTests.swift; sourceTree = "<group>"; };
		DFD86389EC36971CA5AE241B /* MarkdownEditor.swift */ = {isa = PBXFileReference; lastKnownFileType = sourcecode.swift; path = MarkdownEditor.swift; sourceTree = "<group>"; };
		E659A052178F6AD11B43C616 /* TerminalViewHost.swift */ = {isa = PBXFileReference; lastKnownFileType = sourcecode.swift; path = TerminalViewHost.swift; sourceTree = "<group>"; };
		E862B7E6799992ED9C868801 /* ScreenTransport.swift */ = {isa = PBXFileReference; lastKnownFileType = sourcecode.swift; path = ScreenTransport.swift; sourceTree = "<group>"; };
		EABE90007D32A5AB08E781B6 /* noVNC-MPL-2.0.txt */ = {isa = PBXFileReference; lastKnownFileType = text; path = "noVNC-MPL-2.0.txt"; sourceTree = "<group>"; };
		F5729D08E8A70FF658CDDB5D /* CrowAppTests.swift */ = {isa = PBXFileReference; lastKnownFileType = sourcecode.swift; path = CrowAppTests.swift; sourceTree = "<group>"; };
		F66F17CB3B944EC19BBDF244 /* TerminalPanelView.swift */ = {isa = PBXFileReference; lastKnownFileType = sourcecode.swift; path = TerminalPanelView.swift; sourceTree = "<group>"; };
		FE00389FB5F03EB13AAE7F27 /* AutomationService.swift */ = {isa = PBXFileReference; lastKnownFileType = sourcecode.swift; path = AutomationService.swift; sourceTree = "<group>"; };
/* End PBXFileReference section */

/* Begin PBXFrameworksBuildPhase section */
		1899DA095E2BDAB21162C679 /* Frameworks */ = {
			isa = PBXFrameworksBuildPhase;
			buildActionMask = 2147483647;
			files = (
				7FCD9CC26EC36C5B9A873052 /* CrowCore in Frameworks */,
				038B03A1B09C8A40612ACC0C /* SwiftTerm in Frameworks */,
				DB0AB24C8555A62CB34E60E3 /* Citadel in Frameworks */,
				9D1F73D97BC4699A52439627 /* NIOSSH in Frameworks */,
				1D5932ED3F5E9AB081FF926B /* Sparkle in Frameworks */,
			);
			runOnlyForDeploymentPostprocessing = 0;
		};
		872A15048A9BEE9BD1C180DD /* Frameworks */ = {
			isa = PBXFrameworksBuildPhase;
			buildActionMask = 2147483647;
			files = (
				BE37FD9491B1F61883D63C35 /* CrowCore in Frameworks */,
				6AEE338C0C08B197480FE40C /* SwiftTerm in Frameworks */,
				DAD61F96BAC61755BCFD24C8 /* Citadel in Frameworks */,
				5D05C9351EFEC84D4474B76C /* NIOSSH in Frameworks */,
			);
			runOnlyForDeploymentPostprocessing = 0;
		};
/* End PBXFrameworksBuildPhase section */

/* Begin PBXGroup section */
		0A17A5C19A8387CDCFC32492 /* Shell */ = {
			isa = PBXGroup;
			children = (
				75FF130C71180BF8D69923FE /* ActivityBar.swift */,
				9D32992D5A11A39787F52729 /* CrowRootView.swift */,
				B644FAC9637B15DC228AEB25 /* DeviceStatusView.swift */,
				9A02A695DAF9491F2C3677E5 /* EditorAreaView.swift */,
				3108F71F95FFCA2BBECE3761 /* EditorFileMenu.swift */,
				339F8BF0F81F188A4D8C5EB2 /* FloatingWorkspaceView.swift */,
				0CE727E5075C5BE8A3631D8B /* GitSettingsView.swift */,
				3AB3C28673F053D82E7D7F7D /* HostEditorView.swift */,
				661CBE9EFE11FEC7219B9482 /* InputToolsSettingsView.swift */,
				18B58CEDCD01E6C219105813 /* InspectorPanel.swift */,
				81CDA3E505278504B945809C /* SidebarView.swift */,
				A093E56E71878F7439A35214 /* SSHCommandView.swift */,
				C7B742B462C9437666459DC7 /* SSHKeysView.swift */,
				F66F17CB3B944EC19BBDF244 /* TerminalPanelView.swift */,
			);
			path = Shell;
			sourceTree = "<group>";
		};
		0FEEE4A3561B20E2D72EF908 /* Editor */ = {
			isa = PBXGroup;
			children = (
				BA76ED56F7B4581D260A74A3 /* crowmap.css */,
				5482C69CE1B579F4D9DCD13E /* crowmap.js */,
				235F52DE5541A1DBA3854B62 /* CrowmapView.swift */,
				8765347E3B072862DFF0E768 /* ImagePreview.swift */,
				D59A3074AF3C2BC650FA1DB1 /* KeyboardAccessory.swift */,
				7FACD1BCE145D0783FF32A74 /* markdown-editor.js */,
				172101D319062647B9B2DCA5 /* MarkdownEditor-LICENSES.txt */,
				DFD86389EC36971CA5AE241B /* MarkdownEditor.swift */,
				C6FCB86B2C0FDA5493B944CF /* NativeEditor.swift */,
				52664EA2D3352E84D423F7A6 /* obsidian-preview.css */,
				2C4EBF407F4D98D53A926C34 /* obsidian-preview.js */,
				5B85D763E57E196A15D3A78E /* ObsidianPreview.swift */,
			);
			path = Editor;
			sourceTree = "<group>";
		};
		19496BAFC18CA285F1D341DB = {
			isa = PBXGroup;
			children = (
				731BB62EF6BA3ABD2B5E0A7B /* App */,
				9318993AA5D14FAD4678BCE4 /* Packages */,
				1A1C9CA78960D194555619D3 /* Tests */,
				7A6C0BA32DD62D2969069501 /* Products */,
			);
			sourceTree = "<group>";
		};
		1A1C9CA78960D194555619D3 /* Tests */ = {
			isa = PBXGroup;
			children = (
				CAD4480BF3D0A25FFA1A5902 /* AgentTerminalIntegrationTests.swift */,
				4F5CE459FBFDAD4C623FBFA2 /* AutomationTests.swift */,
				96FFA31B7AB3701EC1A420FC /* BrowserTests.swift */,
				F5729D08E8A70FF658CDDB5D /* CrowAppTests.swift */,
				624F64C25FAB07DDF7AEAF65 /* EchoTerminalFixture.swift */,
				2C353EAB1B7F7FBE0784989C /* EchoTerminalTests.swift */,
				9693534C8C84C0F82D811B79 /* EditorFileActionTests.swift */,
				9E547330B27D26BCBEF4B0E6 /* EditorIntegrationTests.swift */,
				6A3FFAB2E0A71622EA1EEA37 /* ExternalFileRefreshTests.swift */,
				907A6D50427DA2785D5BD7D0 /* GitAccountTests.swift */,
				1060A874F96F1D04933A95A4 /* InputToolsTests.swift */,
				5D62E4109A64D19EB1B58385 /* ScreenIntegrationChecks.swift */,
				04D920867B0F3E4BCBEE1487 /* SSHIntegrationTests.swift */,
				A3F192DCE11FE3F8039758CB /* SSHKeyStoreTests.swift */,
				D3349169196FAD9BE6A89FEB /* TerminalIntegrationTests.swift */,
				DDE6FDEB1FF14A405E225AEF /* WorkspaceWindowTests.swift */,
			);
			path = Tests;
			sourceTree = "<group>";
		};
		5EC67DB62F6842F4157D36CA /* Theme */ = {
			isa = PBXGroup;
			children = (
				DC6FE655559409CAEE08CABB /* CrowTheme.swift */,
			);
			path = Theme;
			sourceTree = "<group>";
		};
		731BB62EF6BA3ABD2B5E0A7B /* App */ = {
			isa = PBXGroup;
			children = (
				89476935E30C5D7D91659E38 /* Agents */,
				9F8B00DBF9DB057A39BFCD37 /* Automation */,
				F398DF648B99D0B626284D7E /* Browser */,
				0FEEE4A3561B20E2D72EF908 /* Editor */,
				90210A2CA3296A95A64B5937 /* Screen */,
				91C366062BEB5F0931B98A25 /* Services */,
				0A17A5C19A8387CDCFC32492 /* Shell */,
				D67619DC9395E8FEEB0213E8 /* Terminal */,
				5EC67DB62F6842F4157D36CA /* Theme */,
				789927F87B95E47747C1F5F6 /* Tmux */,
				6F615327A09249D69F58FB1F /* AppModel.swift */,
				A9F91460E98231B14EB73C47 /* Assets.xcassets */,
				D8A85DB8385B70D7E310D980 /* Crow-iOS.entitlements */,
				97A032C53156473E97D0B162 /* Crow-macOS.entitlements */,
				9FDEC33B0A4B5FCB5FE135A0 /* CrowApp.swift */,
				8EA566B3B7FC5A1045FB65CD /* WorkspaceState.swift */,
			);
			path = App;
			sourceTree = "<group>";
		};
		789927F87B95E47747C1F5F6 /* Tmux */ = {
			isa = PBXGroup;
			children = (
				716281610798F89A6806D06E /* TmuxModel.swift */,
				8CDC97BFAAD71B9C38097178 /* TmuxPanel.swift */,
			);
			path = Tmux;
			sourceTree = "<group>";
		};
		7A6C0BA32DD62D2969069501 /* Products */ = {
			isa = PBXGroup;
			children = (
				643351A73DF6ED8D3D6E4193 /* Crow.app */,
				736A91B1AC75EDEE2EC70D47 /* Crow.app */,
				0904799224C58418EA1D5CE8 /* CrowMacTests.xctest */,
				CB9788339A1AB51301E2DF81 /* CrowTests.xctest */,
			);
			name = Products;
			sourceTree = "<group>";
		};
		89476935E30C5D7D91659E38 /* Agents */ = {
			isa = PBXGroup;
			children = (
				140AC63758DF056BAAA0F2E0 /* agent-history.py */,
				7886B21F86C3AB4079FA54F6 /* AgentHistoryPanel.swift */,
				4095AA7991A062BD3C25C772 /* AgentProviderIcon.swift */,
				BE73E4E5D9EA65052AC9AB3A /* AgentTerminalModel.swift */,
				74DD85957B8C689F91EB98BE /* AgentWorkspaceBrowser.swift */,
			);
			path = Agents;
			sourceTree = "<group>";
		};
		90210A2CA3296A95A64B5937 /* Screen */ = {
			isa = PBXGroup;
			children = (
				AAACAB37C24CCD7B65615743 /* noVNC-AUTHORS.txt */,
				9959DE8F729C51EF2EE34523 /* noVNC-BSD-2-Clause.txt */,
				99A0D14EB92B5053E7DCB3F7 /* noVNC-BSD-3-Clause.txt */,
				6CB7503B9851D9F1900409A4 /* noVNC-LICENSE.txt */,
				EABE90007D32A5AB08E781B6 /* noVNC-MPL-2.0.txt */,
				3D8C5ED657682901320A3B6E /* noVNC-pako-LICENSE.txt */,
				A53A8A766C91093D5BB4978A /* RemoteScreenSession.swift */,
				9AA3034A580AD90BE6284FE8 /* RemoteScreenView.swift */,
				3034D3C221FEB585F2E1C669 /* screen-client.js */,
				1D6FE2066F26515996C3DF34 /* screen.html */,
				E862B7E6799992ED9C868801 /* ScreenTransport.swift */,
			);
			path = Screen;
			sourceTree = "<group>";
		};
		91C366062BEB5F0931B98A25 /* Services */ = {
			isa = PBXGroup;
			children = (
				D2B0182A2707E63DEF43B27F /* FileRevision.swift */,
				0CB18812BFBA98E38C3717DF /* GitAccountStore.swift */,
				61B3B2623FE25570F04A96B0 /* GitRepository.swift */,
				AD4B9BD8562188F49D3A7528 /* MacLifecycle.swift */,
				3281820F331A8C3742CC86D3 /* RemoteConnection.swift */,
				BB0DC14E5D6A0759676BB451 /* ReverseSSH.swift */,
				624990E2268E1F485C34E974 /* SSHKeyStore.swift */,
				BFB7AF7430341FE5EEFCF14F /* SystemSFTP.swift */,
				A64421F4C0BC85E5DEB52ECF /* SystemSSH.swift */,
				2C603D2C1525D197887432FC /* WindowDragRegion.swift */,
				A2063D83DB3FB2D009C3709B /* WorkspaceWindowStore.swift */,
			);
			path = Services;
			sourceTree = "<group>";
		};
		9318993AA5D14FAD4678BCE4 /* Packages */ = {
			isa = PBXGroup;
			children = (
				A572F4E00B3F5144359E22C0 /* CrowCore */,
			);
			path = Packages;
			sourceTree = "<group>";
		};
		9F8B00DBF9DB057A39BFCD37 /* Automation */ = {
			isa = PBXGroup;
			children = (
				8273CFA83F96C58BCB28B1DB /* AutomationPanel.swift */,
				FE00389FB5F03EB13AAE7F27 /* AutomationService.swift */,
			);
			path = Automation;
			sourceTree = "<group>";
		};
		D67619DC9395E8FEEB0213E8 /* Terminal */ = {
			isa = PBXGroup;
			children = (
				92E1A835A396F92CE325D051 /* ClipboardImage.swift */,
				37FA822D65A1861321E1F582 /* TerminalSession.swift */,
				E659A052178F6AD11B43C616 /* TerminalViewHost.swift */,
			);
			path = Terminal;
			sourceTree = "<group>";
		};
		F398DF648B99D0B626284D7E /* Browser */ = {
			isa = PBXGroup;
			children = (
				2A1D93117DA8A8D6047D3965 /* BrowserTunnel.swift */,
				D7C2A984C5FCD34A310B3011 /* BrowserView.swift */,
			);
			path = Browser;
			sourceTree = "<group>";
		};
/* End PBXGroup section */

/* Begin PBXNativeTarget section */
		804087E3CEF521E892D6E2B4 /* CrowTests */ = {
			isa = PBXNativeTarget;
			buildConfigurationList = 18946346D5F0BAA8EC53036B /* Build configuration list for PBXNativeTarget "CrowTests" */;
			buildPhases = (
				F5C6BCA420B72FDDB3DDBF5F /* Sources */,
			);
			buildRules = (
			);
			dependencies = (
				344410A856CD4AB6DE0E37D4 /* PBXTargetDependency */,
			);
			name = CrowTests;
			packageProductDependencies = (
			);
			productName = CrowTests;
			productReference = CB9788339A1AB51301E2DF81 /* CrowTests.xctest */;
			productType = "com.apple.product-type.bundle.unit-test";
		};
		C6A075305EC1D15A8B5C9465 /* CrowMacTests */ = {
			isa = PBXNativeTarget;
			buildConfigurationList = 884EB073874607105FDCD39E /* Build configuration list for PBXNativeTarget "CrowMacTests" */;
			buildPhases = (
				AFB2B98EE238BB05C5E82574 /* Sources */,
			);
			buildRules = (
			);
			dependencies = (
				3C0C1B0682B18C8A4D62629C /* PBXTargetDependency */,
			);
			name = CrowMacTests;
			packageProductDependencies = (
			);
			productName = CrowMacTests;
			productReference = 0904799224C58418EA1D5CE8 /* CrowMacTests.xctest */;
			productType = "com.apple.product-type.bundle.unit-test";
		};
		E4AE45982E13F2167A1BB283 /* Crow-macOS */ = {
			isa = PBXNativeTarget;
			buildConfigurationList = AF805B96C9091B15A7AE05F4 /* Build configuration list for PBXNativeTarget "Crow-macOS" */;
			buildPhases = (
				2DB449F52FDA4EAD45D6BCDB /* Sources */,
				43905972200D72706E01FB34 /* Resources */,
				1899DA095E2BDAB21162C679 /* Frameworks */,
			);
			buildRules = (
			);
			dependencies = (
			);
			name = "Crow-macOS";
			packageProductDependencies = (
				CC5D04CB9ACC760C88D98F53 /* CrowCore */,
				797792777CAD6CD2D456EBF8 /* SwiftTerm */,
				22349BC58B8FD19F9A28CF2B /* Citadel */,
				68BBECF2EC28932960B09590 /* NIOSSH */,
				8A57E5BB59B15020241DAD01 /* Sparkle */,
			);
			productName = "Crow-macOS";
			productReference = 736A91B1AC75EDEE2EC70D47 /* Crow.app */;
			productType = "com.apple.product-type.application";
		};
		FC0321C587152591263AC989 /* Crow-iOS */ = {
			isa = PBXNativeTarget;
			buildConfigurationList = C54EE9B53D1F85005F97DE5F /* Build configuration list for PBXNativeTarget "Crow-iOS" */;
			buildPhases = (
				BEA32935D0EB05AFCD13F7E8 /* Sources */,
				B30BE0D1AFE4EF81AF605A4E /* Resources */,
				872A15048A9BEE9BD1C180DD /* Frameworks */,
			);
			buildRules = (
			);
			dependencies = (
			);
			name = "Crow-iOS";
			packageProductDependencies = (
				2095F40A89154572BBF0B9AA /* CrowCore */,
				E3E72F32FB75DFF106C081F5 /* SwiftTerm */,
				DE53485A258DA8FF8E438A1C /* Citadel */,
				2331ED7E57A5F620E85D38D1 /* NIOSSH */,
			);
			productName = "Crow-iOS";
			productReference = 643351A73DF6ED8D3D6E4193 /* Crow.app */;
			productType = "com.apple.product-type.application";
		};
/* End PBXNativeTarget section */

/* Begin PBXProject section */
		B7BA9CDB1952F5FD7709BBAC /* Project object */ = {
			isa = PBXProject;
			attributes = {
				BuildIndependentTargetsInParallel = YES;
				LastUpgradeCheck = 1600;
				TargetAttributes = {
				};
			};
			buildConfigurationList = B682C1620F6EAE7A1E66AC71 /* Build configuration list for PBXProject "Crow" */;
			developmentRegion = en;
			hasScannedForEncodings = 0;
			knownRegions = (
				Base,
				en,
			);
			mainGroup = 19496BAFC18CA285F1D341DB;
			minimizedProjectReferenceProxies = 1;
			packageReferences = (
				5D5257ADA73F8EF0B36718F4 /* XCRemoteSwiftPackageReference "Citadel" */,
				9E4307889D29E46FC7397134 /* XCRemoteSwiftPackageReference "swift-nio-ssh" */,
				6774923512252B0B5D84C882 /* XCRemoteSwiftPackageReference "Sparkle" */,
				DA93A4625938760287CAC88B /* XCRemoteSwiftPackageReference "SwiftTerm" */,
				77199E7D2A1A142471EDB4BE /* XCLocalSwiftPackageReference "Packages/CrowCore" */,
			);
			preferredProjectObjectVersion = 77;
			productRefGroup = 7A6C0BA32DD62D2969069501 /* Products */;
			projectDirPath = "";
			projectRoot = "";
			targets = (
				FC0321C587152591263AC989 /* Crow-iOS */,
				E4AE45982E13F2167A1BB283 /* Crow-macOS */,
				804087E3CEF521E892D6E2B4 /* CrowTests */,
				C6A075305EC1D15A8B5C9465 /* CrowMacTests */,
			);
		};
/* End PBXProject section */

/* Begin PBXResourcesBuildPhase section */
		43905972200D72706E01FB34 /* Resources */ = {
			isa = PBXResourcesBuildPhase;
			buildActionMask = 2147483647;
			files = (
				AA22AFCBC0D6D8062B823DD8 /* Assets.xcassets in Resources */,
				75C51A84756BB865D20F817B /* MarkdownEditor-LICENSES.txt in Resources */,
				9C8D628EB6C5776A7ABD730A /* agent-history.py in Resources */,
				251736CAE0895DBD88EB656A /* crowmap.css in Resources */,
				413E3FB2561DD880045FB1EB /* crowmap.js in Resources */,
				C7061386EE590421187C2662 /* markdown-editor.js in Resources */,
				5DFA447ACDEE32322ED5D776 /* noVNC-AUTHORS.txt in Resources */,
				5213FCEAC768AC7DED943F60 /* noVNC-BSD-2-Clause.txt in Resources */,
				62D7B43D9414FAF15CAE2878 /* noVNC-BSD-3-Clause.txt in Resources */,
				92C1300AB5AB189E28E75E8E /* noVNC-LICENSE.txt in Resources */,
				8A418EC2E91A9E5D3A8090EE /* noVNC-MPL-2.0.txt in Resources */,
				F1D875AE7E648744754BA3F2 /* noVNC-pako-LICENSE.txt in Resources */,
				D0F38D26670FE194C98785D2 /* obsidian-preview.css in Resources */,
				BC43348D2909F9956DBB3616 /* obsidian-preview.js in Resources */,
				49B00569CD011820DEE94DB0 /* screen-client.js in Resources */,
				53C028605600716885587243 /* screen.html in Resources */,
			);
			runOnlyForDeploymentPostprocessing = 0;
		};
		B30BE0D1AFE4EF81AF605A4E /* Resources */ = {
			isa = PBXResourcesBuildPhase;
			buildActionMask = 2147483647;
			files = (
				B09A2B69C85652902D15946E /* Assets.xcassets in Resources */,
				625238F79BADC8151633A02F /* MarkdownEditor-LICENSES.txt in Resources */,
				966ABC99E5D271A029B41B2C /* agent-history.py in Resources */,
				B24C6F0FF382E36948831A4B /* crowmap.css in Resources */,
				9897BDD2266FEC60DE6EEB74 /* crowmap.js in Resources */,
				2AB4FD069ED3F003092DA0D9 /* markdown-editor.js in Resources */,
				C3F5D11C3487825586550ED1 /* noVNC-AUTHORS.txt in Resources */,
				31C17969C3E60F58894C240E /* noVNC-BSD-2-Clause.txt in Resources */,
				28188B13FCBC79FF3E89192C /* noVNC-BSD-3-Clause.txt in Resources */,
				CCE6E2AEA64B7B698A9763DF /* noVNC-LICENSE.txt in Resources */,
				3E6B60C39B3E7E3592E51621 /* noVNC-MPL-2.0.txt in Resources */,
				39A77266349A693C436CBD2C /* noVNC-pako-LICENSE.txt in Resources */,
				AD91989787BF5A7C12FEAE99 /* obsidian-preview.css in Resources */,
				4E6547A99A9E9B5774243757 /* obsidian-preview.js in Resources */,
				B89B09460A8C7E81D77F90CC /* screen-client.js in Resources */,
				6EC2ED1BA987EFD6E0C6B6F7 /* screen.html in Resources */,
			);
			runOnlyForDeploymentPostprocessing = 0;
		};
/* End PBXResourcesBuildPhase section */

/* Begin PBXSourcesBuildPhase section */
		2DB449F52FDA4EAD45D6BCDB /* Sources */ = {
			isa = PBXSourcesBuildPhase;
			buildActionMask = 2147483647;
			files = (
				73792AA19BC833FF088AE79D /* ActivityBar.swift in Sources */,
				1B89C53715053B55D308A3D3 /* AgentHistoryPanel.swift in Sources */,
				AF4FF75AED678256F680A44D /* AgentProviderIcon.swift in Sources */,
				B3C5A50644038D59E140B3EA /* AgentTerminalModel.swift in Sources */,
				D550D42C0D1DE6E4F04A5FC4 /* AgentWorkspaceBrowser.swift in Sources */,
				8F1D16A4EAA6989247ABE75A /* AppModel.swift in Sources */,
				41E995C3B787990D2A82FE12 /* AutomationPanel.swift in Sources */,
				3EF728DCA53EA4F4D92FD8FD /* AutomationService.swift in Sources */,
				AB696B90F6F0D93D46BB9079 /* BrowserTunnel.swift in Sources */,
				540B69A29E2D94AB79B402E7 /* BrowserView.swift in Sources */,
				91CF967F77B61D395D04BE86 /* ClipboardImage.swift in Sources */,
				315E43CF31430E0E18AA565C /* CrowApp.swift in Sources */,
				14635E6904C97EB5FB0C9841 /* CrowRootView.swift in Sources */,
				767549249E14A0CCD8308B5D /* CrowTheme.swift in Sources */,
				4F56D12704FF0ADFD1D74FEF /* CrowmapView.swift in Sources */,
				844C7BF8A0818A7B8DE81629 /* DeviceStatusView.swift in Sources */,
				3B3F0CA67ACF511A2FC961B0 /* EditorAreaView.swift in Sources */,
				1366500BCC20A8802882CBC4 /* EditorFileMenu.swift in Sources */,
				BF6A37C016DE363A14BF9C1A /* FileRevision.swift in Sources */,
				8A17E1C119C88F637133B6A2 /* FloatingWorkspaceView.swift in Sources */,
				56C9EF6529867550580752FD /* GitAccountStore.swift in Sources */,
				39F5CBE7547B34B6416D0A08 /* GitRepository.swift in Sources */,
				A51494627BA218531E007CD1 /* GitSettingsView.swift in Sources */,
				B25D63E7821D7C09C8D785EE /* HostEditorView.swift in Sources */,
				8ADA6209171085844E2CF848 /* ImagePreview.swift in Sources */,
				9CB1043741E0F4CF0B113E73 /* InputToolsSettingsView.swift in Sources */,
				C3266AD20FD3C67651ECE542 /* InspectorPanel.swift in Sources */,
				F075436F4BBAC56896666DE8 /* KeyboardAccessory.swift in Sources */,
				AA23EB7F0A3D08E406D172D9 /* MacLifecycle.swift in Sources */,
				F0CB3D4F2984862CA938F72D /* MarkdownEditor.swift in Sources */,
				AD1E53E274AEECCAD376720E /* NativeEditor.swift in Sources */,
				DC437DE65D97D66069367B6A /* ObsidianPreview.swift in Sources */,
				48B4929D869B9665BE21A67B /* RemoteConnection.swift in Sources */,
				B86EDD8210B36668CEABE612 /* RemoteScreenSession.swift in Sources */,
				EFE59F8F94B5B9DF43E597FD /* RemoteScreenView.swift in Sources */,
				ABACF798FB51E0E27B5574D6 /* ReverseSSH.swift in Sources */,
				271182EE8B959D21CC270333 /* SSHCommandView.swift in Sources */,
				253F8C86D5287A39C215DF77 /* SSHKeyStore.swift in Sources */,
				A77F3CB51D3FE4976052D994 /* SSHKeysView.swift in Sources */,
				E4D153F2F290331628B720A4 /* ScreenTransport.swift in Sources */,
				CE002A44D5FC2441C3CC3240 /* SidebarView.swift in Sources */,
				167B5EB84C67FE7E6C59CE40 /* SystemSFTP.swift in Sources */,
				F876095CBC3D5023BA3F155C /* SystemSSH.swift in Sources */,
				2D1746D6365899CA104A2172 /* TerminalPanelView.swift in Sources */,
				C4453DC4CAB73D14F3EC557F /* TerminalSession.swift in Sources */,
				02780E154847F75071A7AB79 /* TerminalViewHost.swift in Sources */,
				F834C55CE5E20F8B4CADDD72 /* TmuxModel.swift in Sources */,
				2FCDA10DE014886E70A766CA /* TmuxPanel.swift in Sources */,
				52F0C7DCC3DE13464614DBBC /* WindowDragRegion.swift in Sources */,
				AF3E140C7BE0D639268D14ED /* WorkspaceState.swift in Sources */,
				D24DE5DBCABB77ED892C319D /* WorkspaceWindowStore.swift in Sources */,
			);
			runOnlyForDeploymentPostprocessing = 0;
		};
		AFB2B98EE238BB05C5E82574 /* Sources */ = {
			isa = PBXSourcesBuildPhase;
			buildActionMask = 2147483647;
			files = (
				BF5C23BF3701F93C0F3921B1 /* AgentTerminalIntegrationTests.swift in Sources */,
				80698A89DB4795DE38DE02B8 /* AutomationTests.swift in Sources */,
				617341FDBFB864D6BD32ADB8 /* BrowserTests.swift in Sources */,
				8AC360405C5CEAF39BD15D74 /* CrowAppTests.swift in Sources */,
				2C65D5FA8F68B3A1C10435D2 /* EchoTerminalFixture.swift in Sources */,
				EB9B4F83AB3569A27A3B6589 /* EchoTerminalTests.swift in Sources */,
				A5989B2EA5A97028F108D429 /* EditorFileActionTests.swift in Sources */,
				360C0A7D789693230AC287A7 /* EditorIntegrationTests.swift in Sources */,
				281688703B0CD69F2388B850 /* ExternalFileRefreshTests.swift in Sources */,
				6BADDC8806FAEC9075167622 /* GitAccountTests.swift in Sources */,
				7FC5DFA40E531A3B34244973 /* InputToolsTests.swift in Sources */,
				A03ABD408F30651820EB1A45 /* SSHIntegrationTests.swift in Sources */,
				431A6D4C0D162573EEA7D7C8 /* SSHKeyStoreTests.swift in Sources */,
				085F059008DBF1CE015F2E34 /* ScreenIntegrationChecks.swift in Sources */,
				229AD114289C014C78DDE79A /* TerminalIntegrationTests.swift in Sources */,
				39D5CE55A8FE55EACAE26719 /* WorkspaceWindowTests.swift in Sources */,
			);
			runOnlyForDeploymentPostprocessing = 0;
		};
		BEA32935D0EB05AFCD13F7E8 /* Sources */ = {
			isa = PBXSourcesBuildPhase;
			buildActionMask = 2147483647;
			files = (
				D5E54E5A030459741AFF3011 /* ActivityBar.swift in Sources */,
				035C4940012769EC49822FEA /* AgentHistoryPanel.swift in Sources */,
				26DEBD1E5C7E77BFC230B351 /* AgentProviderIcon.swift in Sources */,
				46C70629915E63C37E453214 /* AgentTerminalModel.swift in Sources */,
				3D4B5D15A155CE41F50F70D4 /* AgentWorkspaceBrowser.swift in Sources */,
				B8A759DC5A35A1E937BA1700 /* AppModel.swift in Sources */,
				D5B0C12AB8A768B1BAD3B197 /* AutomationPanel.swift in Sources */,
				EEC7271531FE80FAF9D47491 /* AutomationService.swift in Sources */,
				D0891CEA047B4F2EE9D04E48 /* BrowserTunnel.swift in Sources */,
				005C4A5EA6ABE13EB68B61F3 /* BrowserView.swift in Sources */,
				7CB37409839299CC9E07C7BC /* ClipboardImage.swift in Sources */,
				8B146E0D24489865E8F69A92 /* CrowApp.swift in Sources */,
				4599E366C3CADC1BC26025D3 /* CrowRootView.swift in Sources */,
				6D3AB6ED854E7E279D03D831 /* CrowTheme.swift in Sources */,
				1D2E539BA28FF9D597714613 /* CrowmapView.swift in Sources */,
				21CB62A1484350F492EB83EA /* DeviceStatusView.swift in Sources */,
				E0838A98A97611535C881A1A /* EditorAreaView.swift in Sources */,
				214C7FFF4651BB515962EAB7 /* EditorFileMenu.swift in Sources */,
				DD4F6B69AAD6938989797A11 /* FileRevision.swift in Sources */,
				5874B115554064B2200ADF03 /* FloatingWorkspaceView.swift in Sources */,
				86A5A854B9933AC76C04BF72 /* GitAccountStore.swift in Sources */,
				48EF039C2F38D4BE74C798F0 /* GitRepository.swift in Sources */,
				4DAC07AC3C62A8A337CCBC46 /* GitSettingsView.swift in Sources */,
				26FEA4DA9372CD1E0D934BE4 /* HostEditorView.swift in Sources */,
				20EAFA63B01442167A107F48 /* ImagePreview.swift in Sources */,
				0E711C041E0E67C8F8E62F44 /* InputToolsSettingsView.swift in Sources */,
				49630C707BCE221ECA00E8CA /* InspectorPanel.swift in Sources */,
				89BFA1C55D992D8B5A873757 /* KeyboardAccessory.swift in Sources */,
				9AADDDB507BD99DEC635ED23 /* MacLifecycle.swift in Sources */,
				C196D401442A59AC0511ACB7 /* MarkdownEditor.swift in Sources */,
				62CCACF3AEC8D62E0950CD92 /* NativeEditor.swift in Sources */,
				F6914E3AC737AA692DE9BE33 /* ObsidianPreview.swift in Sources */,
				C924A241512F3DBDC6710442 /* RemoteConnection.swift in Sources */,
				5021315983A367254FC391AF /* RemoteScreenSession.swift in Sources */,
				BF4AF95C56770D6B7EB35793 /* RemoteScreenView.swift in Sources */,
				1B2340F02DCCA944C5F62B8D /* ReverseSSH.swift in Sources */,
				A53E1FCC6B5BFFA376DF6273 /* SSHCommandView.swift in Sources */,
				431248865C8AACDEC12ADDF7 /* SSHKeyStore.swift in Sources */,
				9431E53536BC25C12D9F5AAB /* SSHKeysView.swift in Sources */,
				8A8830AFBFAA90255D512E17 /* ScreenTransport.swift in Sources */,
				F4615645CEFDAA975B5A3EAC /* SidebarView.swift in Sources */,
				7D1F42A42AE8999100EAE27A /* SystemSFTP.swift in Sources */,
				3BD61F6E38C75029D729A6EA /* SystemSSH.swift in Sources */,
				109F8BFCD513C3877A0507F4 /* TerminalPanelView.swift in Sources */,
				E37F3C5FF7993AB42B933D31 /* TerminalSession.swift in Sources */,
				196C0A25F4BD2847C008BE97 /* TerminalViewHost.swift in Sources */,
				BF763703C9E32205057C65BC /* TmuxModel.swift in Sources */,
				CE947F6659C0C839353BC407 /* TmuxPanel.swift in Sources */,
				DFACF071DF461B8E8B3D7DE6 /* WindowDragRegion.swift in Sources */,
				6C4ED3E62627C2BD483550B7 /* WorkspaceState.swift in Sources */,
				F1E34CDF4B6F7DE2EE9E772E /* WorkspaceWindowStore.swift in Sources */,
			);
			runOnlyForDeploymentPostprocessing = 0;
		};
		F5C6BCA420B72FDDB3DDBF5F /* Sources */ = {
			isa = PBXSourcesBuildPhase;
			buildActionMask = 2147483647;
			files = (
				F59C882D23AB86434EEF74E2 /* AgentTerminalIntegrationTests.swift in Sources */,
				3C08065A399639988D3DEA6A /* AutomationTests.swift in Sources */,
				5AA6D7BDDE9D72113F9CC2EE /* BrowserTests.swift in Sources */,
				E4C9ACC26C843EC9B757A065 /* CrowAppTests.swift in Sources */,
				67E2475B239B9403EBB7E291 /* EchoTerminalFixture.swift in Sources */,
				0CE31258B7CFFC343C872124 /* EchoTerminalTests.swift in Sources */,
				A929B866566A5CCAE38C86F1 /* EditorFileActionTests.swift in Sources */,
				D3963F717A1C0166859C87A5 /* EditorIntegrationTests.swift in Sources */,
				8D99C0C0E2E1C51ABFC932D9 /* ExternalFileRefreshTests.swift in Sources */,
				AE31354632215BBCFA3E2E38 /* GitAccountTests.swift in Sources */,
				DD79F454BF6855023C332AF5 /* InputToolsTests.swift in Sources */,
				6501092CFE725248971932C3 /* SSHIntegrationTests.swift in Sources */,
				5BDCD19C97620FB6671759C7 /* SSHKeyStoreTests.swift in Sources */,
				01A2E0CF88FF0A51767FD9AA /* ScreenIntegrationChecks.swift in Sources */,
				5BF82CF74F73CF09F2B2A893 /* TerminalIntegrationTests.swift in Sources */,
				9443867998CC98D439C2204A /* WorkspaceWindowTests.swift in Sources */,
			);
			runOnlyForDeploymentPostprocessing = 0;
		};
/* End PBXSourcesBuildPhase section */

/* Begin PBXTargetDependency section */
		344410A856CD4AB6DE0E37D4 /* PBXTargetDependency */ = {
			isa = PBXTargetDependency;
			target = FC0321C587152591263AC989 /* Crow-iOS */;
			targetProxy = EE77B756C299A15188DB49F4 /* PBXContainerItemProxy */;
		};
		3C0C1B0682B18C8A4D62629C /* PBXTargetDependency */ = {
			isa = PBXTargetDependency;
			target = E4AE45982E13F2167A1BB283 /* Crow-macOS */;
			targetProxy = F482969ED48AD902E121A0F1 /* PBXContainerItemProxy */;
		};
/* End PBXTargetDependency section */

/* Begin XCBuildConfiguration section */
		433041E546F6738EC185BB75 /* Release */ = {
			isa = XCBuildConfiguration;
			buildSettings = {
				ASSETCATALOG_COMPILER_APPICON_NAME = AppIcon;
				ASSETCATALOG_COMPILER_GLOBAL_ACCENT_COLOR_NAME = AccentColor;
				CODE_SIGN_ENTITLEMENTS = "App/Crow-iOS.entitlements";
				CODE_SIGN_IDENTITY = "iPhone Developer";
				GENERATE_INFOPLIST_FILE = YES;
				INFOPLIST_FILE = "Config/Crow-iOS-Info.plist";
				INFOPLIST_KEY_CFBundleDisplayName = Crow;
				INFOPLIST_KEY_LSApplicationCategoryType = "public.app-category.developer-tools";
				INFOPLIST_KEY_UILaunchScreen_Generation = YES;
				INFOPLIST_KEY_UIStatusBarStyle = UIStatusBarStyleDarkContent;
				INFOPLIST_KEY_UISupportedInterfaceOrientations = "UIInterfaceOrientationPortrait UIInterfaceOrientationLandscapeLeft UIInterfaceOrientationLandscapeRight";
				INFOPLIST_KEY_UISupportedInterfaceOrientations_iPad = "UIInterfaceOrientationPortrait UIInterfaceOrientationPortraitUpsideDown UIInterfaceOrientationLandscapeLeft UIInterfaceOrientationLandscapeRight";
				INFOPLIST_KEY_UIUserInterfaceStyle = Light;
				LD_RUNPATH_SEARCH_PATHS = (
					"$(inherited)",
					"@executable_path/Frameworks",
				);
				PRODUCT_BUNDLE_IDENTIFIER = dev.chajinwoo.crow;
				PRODUCT_MODULE_NAME = Crow;
				PRODUCT_NAME = Crow;
				SDKROOT = iphoneos;
				SUPPORTS_MACCATALYST = NO;
				SUPPORTS_MAC_DESIGNED_FOR_IPHONE_IPAD = NO;
				TARGETED_DEVICE_FAMILY = "1,2";
			};
			name = Release;
		};
		678E986543840271A4BB7572 /* Release */ = {
			isa = XCBuildConfiguration;
			buildSettings = {
				BUNDLE_LOADER = "$(TEST_HOST)";
				COMBINE_HIDPI_IMAGES = YES;
				GENERATE_INFOPLIST_FILE = YES;
				LD_RUNPATH_SEARCH_PATHS = (
					"$(inherited)",
					"@executable_path/../Frameworks",
					"@loader_path/../Frameworks",
				);
				PRODUCT_BUNDLE_IDENTIFIER = "dev.chajinwoo.crow.mac-tests";
				SDKROOT = macosx;
				TEST_HOST = "$(BUILT_PRODUCTS_DIR)/Crow.app/Contents/MacOS/Crow";
			};
			name = Release;
		};
		6CD2EC3749CC916EDD5507AB /* Debug */ = {
			isa = XCBuildConfiguration;
			buildSettings = {
				ALWAYS_SEARCH_USER_PATHS = NO;
				CLANG_ANALYZER_NONNULL = YES;
				CLANG_ANALYZER_NUMBER_OBJECT_CONVERSION = YES_AGGRESSIVE;
				CLANG_CXX_LANGUAGE_STANDARD = "gnu++14";
				CLANG_CXX_LIBRARY = "libc++";
				CLANG_ENABLE_MODULES = YES;
				CLANG_ENABLE_OBJC_ARC = YES;
				CLANG_ENABLE_OBJC_WEAK = YES;
				CLANG_WARN_BLOCK_CAPTURE_AUTORELEASING = YES;
				CLANG_WARN_BOOL_CONVERSION = YES;
				CLANG_WARN_COMMA = YES;
				CLANG_WARN_CONSTANT_CONVERSION = YES;
				CLANG_WARN_DEPRECATED_OBJC_IMPLEMENTATIONS = YES;
				CLANG_WARN_DIRECT_OBJC_ISA_USAGE = YES_ERROR;
				CLANG_WARN_DOCUMENTATION_COMMENTS = YES;
				CLANG_WARN_EMPTY_BODY = YES;
				CLANG_WARN_ENUM_CONVERSION = YES;
				CLANG_WARN_INFINITE_RECURSION = YES;
				CLANG_WARN_INT_CONVERSION = YES;
				CLANG_WARN_NON_LITERAL_NULL_CONVERSION = YES;
				CLANG_WARN_OBJC_IMPLICIT_RETAIN_SELF = YES;
				CLANG_WARN_OBJC_LITERAL_CONVERSION = YES;
				CLANG_WARN_OBJC_ROOT_CLASS = YES_ERROR;
				CLANG_WARN_QUOTED_INCLUDE_IN_FRAMEWORK_HEADER = YES;
				CLANG_WARN_RANGE_LOOP_ANALYSIS = YES;
				CLANG_WARN_STRICT_PROTOTYPES = YES;
				CLANG_WARN_SUSPICIOUS_MOVE = YES;
				CLANG_WARN_UNGUARDED_AVAILABILITY = YES_AGGRESSIVE;
				CLANG_WARN_UNREACHABLE_CODE = YES;
				CLANG_WARN__DUPLICATE_METHOD_MATCH = YES;
				COPY_PHASE_STRIP = NO;
				CURRENT_PROJECT_VERSION = 6;
				DEBUG_INFORMATION_FORMAT = dwarf;
				ENABLE_STRICT_OBJC_MSGSEND = YES;
				ENABLE_TESTABILITY = YES;
				GCC_C_LANGUAGE_STANDARD = gnu11;
				GCC_DYNAMIC_NO_PIC = NO;
				GCC_NO_COMMON_BLOCKS = YES;
				GCC_OPTIMIZATION_LEVEL = 0;
				GCC_PREPROCESSOR_DEFINITIONS = (
					"$(inherited)",
					"DEBUG=1",
				);
				GCC_WARN_64_TO_32_BIT_CONVERSION = YES;
				GCC_WARN_ABOUT_RETURN_TYPE = YES_ERROR;
				GCC_WARN_UNDECLARED_SELECTOR = YES;
				GCC_WARN_UNINITIALIZED_AUTOS = YES_AGGRESSIVE;
				GCC_WARN_UNUSED_FUNCTION = YES;
				GCC_WARN_UNUSED_VARIABLE = YES;
				IPHONEOS_DEPLOYMENT_TARGET = 18.0;
				MACOSX_DEPLOYMENT_TARGET = 15.0;
				MARKETING_VERSION = 0.1.5;
				MTL_ENABLE_DEBUG_INFO = INCLUDE_SOURCE;
				MTL_FAST_MATH = YES;
				ONLY_ACTIVE_ARCH = YES;
				PRODUCT_NAME = "$(TARGET_NAME)";
				SWIFT_ACTIVE_COMPILATION_CONDITIONS = DEBUG;
				SWIFT_OPTIMIZATION_LEVEL = "-Onone";
				SWIFT_STRICT_CONCURRENCY = complete;
				SWIFT_VERSION = 6.0;
			};
			name = Debug;
		};
		71DB5A3FA5C607F1A754638C /* Debug */ = {
			isa = XCBuildConfiguration;
			buildSettings = {
				ASSETCATALOG_COMPILER_APPICON_NAME = AppIcon;
				ASSETCATALOG_COMPILER_GLOBAL_ACCENT_COLOR_NAME = AccentColor;
				CODE_SIGN_ENTITLEMENTS = "App/Crow-macOS.entitlements";
				COMBINE_HIDPI_IMAGES = YES;
				ENABLE_HARDENED_RUNTIME = YES;
				GENERATE_INFOPLIST_FILE = NO;
				INFOPLIST_FILE = "Config/Crow-macOS-Info.plist";
				INFOPLIST_KEY_CFBundleDisplayName = Crow;
				INFOPLIST_KEY_LSApplicationCategoryType = "public.app-category.developer-tools";
				INFOPLIST_KEY_UIUserInterfaceStyle = Light;
				LD_RUNPATH_SEARCH_PATHS = (
					"$(inherited)",
					"@executable_path/../Frameworks",
				);
				PRODUCT_BUNDLE_IDENTIFIER = dev.chajinwoo.crow;
				PRODUCT_MODULE_NAME = Crow;
				PRODUCT_NAME = Crow;
				SDKROOT = macosx;
				SPARKLE_PUBLIC_ED_KEY = "";
			};
			name = Debug;
		};
		73D0B4CB9F37A10E51523944 /* Debug */ = {
			isa = XCBuildConfiguration;
			buildSettings = {
				ASSETCATALOG_COMPILER_APPICON_NAME = AppIcon;
				ASSETCATALOG_COMPILER_GLOBAL_ACCENT_COLOR_NAME = AccentColor;
				CODE_SIGN_ENTITLEMENTS = "App/Crow-iOS.entitlements";
				CODE_SIGN_IDENTITY = "iPhone Developer";
				GENERATE_INFOPLIST_FILE = YES;
				INFOPLIST_FILE = "Config/Crow-iOS-Info.plist";
				INFOPLIST_KEY_CFBundleDisplayName = Crow;
				INFOPLIST_KEY_LSApplicationCategoryType = "public.app-category.developer-tools";
				INFOPLIST_KEY_UILaunchScreen_Generation = YES;
				INFOPLIST_KEY_UIStatusBarStyle = UIStatusBarStyleDarkContent;
				INFOPLIST_KEY_UISupportedInterfaceOrientations = "UIInterfaceOrientationPortrait UIInterfaceOrientationLandscapeLeft UIInterfaceOrientationLandscapeRight";
				INFOPLIST_KEY_UISupportedInterfaceOrientations_iPad = "UIInterfaceOrientationPortrait UIInterfaceOrientationPortraitUpsideDown UIInterfaceOrientationLandscapeLeft UIInterfaceOrientationLandscapeRight";
				INFOPLIST_KEY_UIUserInterfaceStyle = Light;
				LD_RUNPATH_SEARCH_PATHS = (
					"$(inherited)",
					"@executable_path/Frameworks",
				);
				PRODUCT_BUNDLE_IDENTIFIER = dev.chajinwoo.crow;
				PRODUCT_MODULE_NAME = Crow;
				PRODUCT_NAME = Crow;
				SDKROOT = iphoneos;
				SUPPORTS_MACCATALYST = NO;
				SUPPORTS_MAC_DESIGNED_FOR_IPHONE_IPAD = NO;
				TARGETED_DEVICE_FAMILY = "1,2";
			};
			name = Debug;
		};
		7B6DF2244A76FA63AC62978B /* Release */ = {
			isa = XCBuildConfiguration;
			buildSettings = {
				ASSETCATALOG_COMPILER_APPICON_NAME = AppIcon;
				ASSETCATALOG_COMPILER_GLOBAL_ACCENT_COLOR_NAME = AccentColor;
				CODE_SIGN_ENTITLEMENTS = "App/Crow-macOS.entitlements";
				COMBINE_HIDPI_IMAGES = YES;
				ENABLE_HARDENED_RUNTIME = YES;
				GENERATE_INFOPLIST_FILE = NO;
				INFOPLIST_FILE = "Config/Crow-macOS-Info.plist";
				INFOPLIST_KEY_CFBundleDisplayName = Crow;
				INFOPLIST_KEY_LSApplicationCategoryType = "public.app-category.developer-tools";
				INFOPLIST_KEY_UIUserInterfaceStyle = Light;
				LD_RUNPATH_SEARCH_PATHS = (
					"$(inherited)",
					"@executable_path/../Frameworks",
				);
				PRODUCT_BUNDLE_IDENTIFIER = dev.chajinwoo.crow;
				PRODUCT_MODULE_NAME = Crow;
				PRODUCT_NAME = Crow;
				SDKROOT = macosx;
				SPARKLE_PUBLIC_ED_KEY = "";
			};
			name = Release;
		};
		A9A91870D1D5A4F545557E8A /* Release */ = {
			isa = XCBuildConfiguration;
			buildSettings = {
				ALWAYS_SEARCH_USER_PATHS = NO;
				CLANG_ANALYZER_NONNULL = YES;
				CLANG_ANALYZER_NUMBER_OBJECT_CONVERSION = YES_AGGRESSIVE;
				CLANG_CXX_LANGUAGE_STANDARD = "gnu++14";
				CLANG_CXX_LIBRARY = "libc++";
				CLANG_ENABLE_MODULES = YES;
				CLANG_ENABLE_OBJC_ARC = YES;
				CLANG_ENABLE_OBJC_WEAK = YES;
				CLANG_WARN_BLOCK_CAPTURE_AUTORELEASING = YES;
				CLANG_WARN_BOOL_CONVERSION = YES;
				CLANG_WARN_COMMA = YES;
				CLANG_WARN_CONSTANT_CONVERSION = YES;
				CLANG_WARN_DEPRECATED_OBJC_IMPLEMENTATIONS = YES;
				CLANG_WARN_DIRECT_OBJC_ISA_USAGE = YES_ERROR;
				CLANG_WARN_DOCUMENTATION_COMMENTS = YES;
				CLANG_WARN_EMPTY_BODY = YES;
				CLANG_WARN_ENUM_CONVERSION = YES;
				CLANG_WARN_INFINITE_RECURSION = YES;
				CLANG_WARN_INT_CONVERSION = YES;
				CLANG_WARN_NON_LITERAL_NULL_CONVERSION = YES;
				CLANG_WARN_OBJC_IMPLICIT_RETAIN_SELF = YES;
				CLANG_WARN_OBJC_LITERAL_CONVERSION = YES;
				CLANG_WARN_OBJC_ROOT_CLASS = YES_ERROR;
				CLANG_WARN_QUOTED_INCLUDE_IN_FRAMEWORK_HEADER = YES;
				CLANG_WARN_RANGE_LOOP_ANALYSIS = YES;
				CLANG_WARN_STRICT_PROTOTYPES = YES;
				CLANG_WARN_SUSPICIOUS_MOVE = YES;
				CLANG_WARN_UNGUARDED_AVAILABILITY = YES_AGGRESSIVE;
				CLANG_WARN_UNREACHABLE_CODE = YES;
				CLANG_WARN__DUPLICATE_METHOD_MATCH = YES;
				COPY_PHASE_STRIP = NO;
				CURRENT_PROJECT_VERSION = 6;
				DEBUG_INFORMATION_FORMAT = "dwarf-with-dsym";
				ENABLE_NS_ASSERTIONS = NO;
				ENABLE_STRICT_OBJC_MSGSEND = YES;
				GCC_C_LANGUAGE_STANDARD = gnu11;
				GCC_NO_COMMON_BLOCKS = YES;
				GCC_WARN_64_TO_32_BIT_CONVERSION = YES;
				GCC_WARN_ABOUT_RETURN_TYPE = YES_ERROR;
				GCC_WARN_UNDECLARED_SELECTOR = YES;
				GCC_WARN_UNINITIALIZED_AUTOS = YES_AGGRESSIVE;
				GCC_WARN_UNUSED_FUNCTION = YES;
				GCC_WARN_UNUSED_VARIABLE = YES;
				IPHONEOS_DEPLOYMENT_TARGET = 18.0;
				MACOSX_DEPLOYMENT_TARGET = 15.0;
				MARKETING_VERSION = 0.1.5;
				MTL_ENABLE_DEBUG_INFO = NO;
				MTL_FAST_MATH = YES;
				PRODUCT_NAME = "$(TARGET_NAME)";
				SWIFT_COMPILATION_MODE = wholemodule;
				SWIFT_OPTIMIZATION_LEVEL = "-O";
				SWIFT_STRICT_CONCURRENCY = complete;
				SWIFT_VERSION = 6.0;
			};
			name = Release;
		};
		CC4C89E710D4DC2207EAC3E3 /* Debug */ = {
			isa = XCBuildConfiguration;
			buildSettings = {
				BUNDLE_LOADER = "$(TEST_HOST)";
				GENERATE_INFOPLIST_FILE = YES;
				LD_RUNPATH_SEARCH_PATHS = (
					"$(inherited)",
					"@executable_path/Frameworks",
					"@loader_path/Frameworks",
				);
				PRODUCT_BUNDLE_IDENTIFIER = dev.chajinwoo.crow.tests;
				SDKROOT = iphoneos;
				TARGETED_DEVICE_FAMILY = "1,2";
				TEST_HOST = "$(BUILT_PRODUCTS_DIR)/Crow.app/$(BUNDLE_EXECUTABLE_FOLDER_PATH)/Crow";
			};
			name = Debug;
		};
		E4B6F10E26513B3F9F3DB9D1 /* Release */ = {
			isa = XCBuildConfiguration;
			buildSettings = {
				BUNDLE_LOADER = "$(TEST_HOST)";
				GENERATE_INFOPLIST_FILE = YES;
				LD_RUNPATH_SEARCH_PATHS = (
					"$(inherited)",
					"@executable_path/Frameworks",
					"@loader_path/Frameworks",
				);
				PRODUCT_BUNDLE_IDENTIFIER = dev.chajinwoo.crow.tests;
				SDKROOT = iphoneos;
				TARGETED_DEVICE_FAMILY = "1,2";
				TEST_HOST = "$(BUILT_PRODUCTS_DIR)/Crow.app/$(BUNDLE_EXECUTABLE_FOLDER_PATH)/Crow";
			};
			name = Release;
		};
		FFBF69D13D1EC5E83CA098A0 /* Debug */ = {
			isa = XCBuildConfiguration;
			buildSettings = {
				BUNDLE_LOADER = "$(TEST_HOST)";
				COMBINE_HIDPI_IMAGES = YES;
				GENERATE_INFOPLIST_FILE = YES;
				LD_RUNPATH_SEARCH_PATHS = (
					"$(inherited)",
					"@executable_path/../Frameworks",
					"@loader_path/../Frameworks",
				);
				PRODUCT_BUNDLE_IDENTIFIER = "dev.chajinwoo.crow.mac-tests";
				SDKROOT = macosx;
				TEST_HOST = "$(BUILT_PRODUCTS_DIR)/Crow.app/Contents/MacOS/Crow";
			};
			name = Debug;
		};
/* End XCBuildConfiguration section */

/* Begin XCConfigurationList section */
		18946346D5F0BAA8EC53036B /* Build configuration list for PBXNativeTarget "CrowTests" */ = {
			isa = XCConfigurationList;
			buildConfigurations = (
				CC4C89E710D4DC2207EAC3E3 /* Debug */,
				E4B6F10E26513B3F9F3DB9D1 /* Release */,
			);
			defaultConfigurationIsVisible = 0;
			defaultConfigurationName = Debug;
		};
		884EB073874607105FDCD39E /* Build configuration list for PBXNativeTarget "CrowMacTests" */ = {
			isa = XCConfigurationList;
			buildConfigurations = (
				FFBF69D13D1EC5E83CA098A0 /* Debug */,
				678E986543840271A4BB7572 /* Release */,
			);
			defaultConfigurationIsVisible = 0;
			defaultConfigurationName = Debug;
		};
		AF805B96C9091B15A7AE05F4 /* Build configuration list for PBXNativeTarget "Crow-macOS" */ = {
			isa = XCConfigurationList;
			buildConfigurations = (
				71DB5A3FA5C607F1A754638C /* Debug */,
				7B6DF2244A76FA63AC62978B /* Release */,
			);
			defaultConfigurationIsVisible = 0;
			defaultConfigurationName = Debug;
		};
		B682C1620F6EAE7A1E66AC71 /* Build configuration list for PBXProject "Crow" */ = {
			isa = XCConfigurationList;
			buildConfigurations = (
				6CD2EC3749CC916EDD5507AB /* Debug */,
				A9A91870D1D5A4F545557E8A /* Release */,
			);
			defaultConfigurationIsVisible = 0;
			defaultConfigurationName = Debug;
		};
		C54EE9B53D1F85005F97DE5F /* Build configuration list for PBXNativeTarget "Crow-iOS" */ = {
			isa = XCConfigurationList;
			buildConfigurations = (
				73D0B4CB9F37A10E51523944 /* Debug */,
				433041E546F6738EC185BB75 /* Release */,
			);
			defaultConfigurationIsVisible = 0;
			defaultConfigurationName = Debug;
		};
/* End XCConfigurationList section */

/* Begin XCLocalSwiftPackageReference section */
		77199E7D2A1A142471EDB4BE /* XCLocalSwiftPackageReference "Packages/CrowCore" */ = {
			isa = XCLocalSwiftPackageReference;
			relativePath = Packages/CrowCore;
		};
/* End XCLocalSwiftPackageReference section */

/* Begin XCRemoteSwiftPackageReference section */
		5D5257ADA73F8EF0B36718F4 /* XCRemoteSwiftPackageReference "Citadel" */ = {
			isa = XCRemoteSwiftPackageReference;
			repositoryURL = "https://github.com/orlandos-nl/Citadel";
			requirement = {
				kind = exactVersion;
				version = 0.12.1;
			};
		};
		6774923512252B0B5D84C882 /* XCRemoteSwiftPackageReference "Sparkle" */ = {
			isa = XCRemoteSwiftPackageReference;
			repositoryURL = "https://github.com/sparkle-project/Sparkle";
			requirement = {
				kind = exactVersion;
				version = 2.9.6;
			};
		};
		9E4307889D29E46FC7397134 /* XCRemoteSwiftPackageReference "swift-nio-ssh" */ = {
			isa = XCRemoteSwiftPackageReference;
			repositoryURL = "https://github.com/Wellz26/swift-nio-ssh.git";
			requirement = {
				kind = exactVersion;
				version = 0.3.7;
			};
		};
		DA93A4625938760287CAC88B /* XCRemoteSwiftPackageReference "SwiftTerm" */ = {
			isa = XCRemoteSwiftPackageReference;
			repositoryURL = "https://github.com/migueldeicaza/SwiftTerm";
			requirement = {
				kind = upToNextMajorVersion;
				minimumVersion = 1.20.0;
			};
		};
/* End XCRemoteSwiftPackageReference section */

/* Begin XCSwiftPackageProductDependency section */
		2095F40A89154572BBF0B9AA /* CrowCore */ = {
			isa = XCSwiftPackageProductDependency;
			productName = CrowCore;
		};
		22349BC58B8FD19F9A28CF2B /* Citadel */ = {
			isa = XCSwiftPackageProductDependency;
			package = 5D5257ADA73F8EF0B36718F4 /* XCRemoteSwiftPackageReference "Citadel" */;
			productName = Citadel;
		};
		2331ED7E57A5F620E85D38D1 /* NIOSSH */ = {
			isa = XCSwiftPackageProductDependency;
			package = 9E4307889D29E46FC7397134 /* XCRemoteSwiftPackageReference "swift-nio-ssh" */;
			productName = NIOSSH;
		};
		68BBECF2EC28932960B09590 /* NIOSSH */ = {
			isa = XCSwiftPackageProductDependency;
			package = 9E4307889D29E46FC7397134 /* XCRemoteSwiftPackageReference "swift-nio-ssh" */;
			productName = NIOSSH;
		};
		797792777CAD6CD2D456EBF8 /* SwiftTerm */ = {
			isa = XCSwiftPackageProductDependency;
			package = DA93A4625938760287CAC88B /* XCRemoteSwiftPackageReference "SwiftTerm" */;
			productName = SwiftTerm;
		};
		8A57E5BB59B15020241DAD01 /* Sparkle */ = {
			isa = XCSwiftPackageProductDependency;
			package = 6774923512252B0B5D84C882 /* XCRemoteSwiftPackageReference "Sparkle" */;
			productName = Sparkle;
		};
		CC5D04CB9ACC760C88D98F53 /* CrowCore */ = {
			isa = XCSwiftPackageProductDependency;
			productName = CrowCore;
		};
		DE53485A258DA8FF8E438A1C /* Citadel */ = {
			isa = XCSwiftPackageProductDependency;
			package = 5D5257ADA73F8EF0B36718F4 /* XCRemoteSwiftPackageReference "Citadel" */;
			productName = Citadel;
		};
		E3E72F32FB75DFF106C081F5 /* SwiftTerm */ = {
			isa = XCSwiftPackageProductDependency;
			package = DA93A4625938760287CAC88B /* XCRemoteSwiftPackageReference "SwiftTerm" */;
			productName = SwiftTerm;
		};
/* End XCSwiftPackageProductDependency section */
	};
	rootObject = B7BA9CDB1952F5FD7709BBAC /* Project object */;
}
